// !$*UTF8*$!
{
	archiveVersion = 1;
	classes = {
	};
	objectVersion = 55;
	objects = {

/* Begin PBXBuildFile section */
		DC1712042754B46A005AB964 /* LandmarkListView.swift in Sources */ = {isa = PBXBuildFile; fileRef = DC1712032754B46A005AB964 /* LandmarkListView.swift */; };
		DC5F5336275132110064A84F /* Landmark.swift in Sources */ = {isa = PBXBuildFile; fileRef = DC5F5335275132110064A84F /* Landmark.swift */; };
		DC5F53382751368E0064A84F /* ModelData.swift in Sources */ = {isa = PBXBuildFile; fileRef = DC5F53372751368E0064A84F /* ModelData.swift */; };
		DC5F533A275139C40064A84F /* landmarkData.json in Resources */ = {isa = PBXBuildFile; fileRef = DC5F5339275139C40064A84F /* landmarkData.json */; };
		DC5F533D27513B520064A84F /* LandmarkRow.swift in Sources */ = {isa = PBXBuildFile; fileRef = DC5F533C27513B520064A84F /* LandmarkRow.swift */; };
		DCAB63602750F86700FA27DF /* ChapterOneApp.swift in Sources */ = {isa = PBXBuildFile; fileRef = DCAB635F2750F86700FA27DF /* ChapterOneApp.swift */; };
		DCAB63622750F86700FA27DF /* ContentView.swift in Sources */ = {isa = PBXBuildFile; fileRef = DCAB63612750F86700FA27DF /* ContentView.swift */; };
		DCAB63642750F86C00FA27DF /* Assets.xcassets in Resources */ = {isa = PBXBuildFile; fileRef = DCAB63632750F86C00FA27DF /* Assets.xcassets */; };
		DCAB63672750F86C00FA27DF /* Preview Assets.xcassets in Resources */ = {isa = PBXBuildFile; fileRef = DCAB63662750F86C00FA27DF /* Preview Assets.xcassets */; };
		DCAB636E2751014F00FA27DF /* ParkCircleImageView.swift in Sources */ = {isa = PBXBuildFile; fileRef = DCAB636D2751014F00FA27DF /* ParkCircleImageView.swift */; };
		DCAB6370275102F800FA27DF /* NationalParkMapView.swift in Sources */ = {isa = PBXBuildFile; fileRef = DCAB636F275102F800FA27DF /* NationalParkMapView.swift */; };
		DCDD6F2A2754CB0B00B214E8 /* LandmarkDetailView.swift in Sources */ = {isa = PBXBuildFile; fileRef = DCDD6F292754CB0B00B214E8 /* LandmarkDetailView.swift */; };
		DCDD6F2C2754E44900B214E8 /* charleyrivers.jpg in Resources */ = {isa = PBXBuildFile; fileRef = DCDD6F2B2754E44900B214E8 /* charleyrivers.jpg */; };
		DCDD6F2F2754E47500B214E8 /* chincoteague.jpg in Resources */ = {isa = PBXBuildFile; fileRef = DCDD6F2E2754E47500B214E8 /* chincoteague.jpg */; };
		DCDD6F312754E47B00B214E8 /* hiddenlake.jpg in Resources */ = {isa = PBXBuildFile; fileRef = DCDD6F302754E47B00B214E8 /* hiddenlake.jpg */; };
		DCDD6F332754E48A00B214E8 /* lakemcdonald.jpg in Resources */ = {isa = PBXBuildFile; fileRef = DCDD6F322754E48A00B214E8 /* lakemcdonald.jpg */; };
		DCDD6F352754E49200B214E8 /* rainbowlake.jpg in Resources */ = {isa = PBXBuildFile; fileRef = DCDD6F342754E49200B214E8 /* rainbowlake.jpg */; };
		DCDD6F372754E49D00B214E8 /* silversalmoncreek.jpg in Resources */ = {isa = PBXBuildFile; fileRef = DCDD6F362754E49D00B214E8 /* silversalmoncreek.jpg */; };
		DCDD6F392754E4A600B214E8 /* stmarylake.jpg in Resources */ = {isa = PBXBuildFile; fileRef = DCDD6F382754E4A600B214E8 /* stmarylake.jpg */; };
		DCDD6F3B2754E4AF00B214E8 /* twinlake.jpg in Resources */ = {isa = PBXBuildFile; fileRef = DCDD6F3A2754E4AF00B214E8 /* twinlake.jpg */; };
		DCDD6F3D2754E4B600B214E8 /* umbagog.jpg in Resources */ = {isa = PBXBuildFile; fileRef = DCDD6F3C2754E4B600B214E8 /* umbagog.jpg */; };
		DCDD6F402755223300B214E8 /* FavoriteButton.swift in Sources */ = {isa = PBXBuildFile; fileRef = DCDD6F3F2755223200B214E8 /* FavoriteButton.swift */; };
/* End PBXBuildFile section */

/* Begin PBXFileReference section */
		DC1712032754B46A005AB964 /* LandmarkListView.swift */ = {isa = PBXFileReference; lastKnownFileType = sourcecode.swift; path = LandmarkListView.swift; sourceTree = "<group>"; };
		DC5F5335275132110064A84F /* Landmark.swift */ = {isa = PBXFileReference; lastKnownFileType = sourcecode.swift; path = Landmark.swift; sourceTree = "<group>"; };
		DC5F53372751368E0064A84F /* ModelData.swift */ = {isa = PBXFileReference; lastKnownFileType = sourcecode.swift; path = ModelData.swift; sourceTree = "<group>"; };
		DC5F5339275139C40064A84F /* landmarkData.json */ = {isa = PBXFileReference; lastKnownFileType = text.json; path = landmarkData.json; sourceTree = "<group>"; };
		DC5F533C27513B520064A84F /* LandmarkRow.swift */ = {isa = PBXFileReference; lastKnownFileType = sourcecode.swift; path = LandmarkRow.swift; sourceTree = "<group>"; };
		DCAB635C2750F86700FA27DF /* chapter-one.app */ = {isa = PBXFileReference; explicitFileType = wrapper.application; includeInIndex = 0; path = "chapter-one.app"; sourceTree = BUILT_PRODUCTS_DIR; };
		DCAB635F2750F86700FA27DF /* ChapterOneApp.swift */ = {isa = PBXFileReference; lastKnownFileType = sourcecode.swift; path = ChapterOneApp.swift; sourceTree = "<group>"; };
		DCAB63612750F86700FA27DF /* ContentView.swift */ = {isa = PBXFileReference; lastKnownFileType = sourcecode.swift; path = ContentView.swift; sourceTree = "<group>"; };
		DCAB63632750F86C00FA27DF /* Assets.xcassets */ = {isa = PBXFileReference; lastKnownFileType = folder.assetcatalog; path = Assets.xcassets; sourceTree = "<group>"; };
		DCAB63662750F86C00FA27DF /* Preview Assets.xcassets */ = {isa = PBXFileReference; lastKnownFileType = folder.assetcatalog; path = "Preview Assets.xcassets"; sourceTree = "<group>"; };
		DCAB636D2751014F00FA27DF /* ParkCircleImageView.swift */ = {isa = PBXFileReference; lastKnownFileType = sourcecode.swift; path = ParkCircleImageView.swift; sourceTree = "<group>"; };
		DCAB636F275102F800FA27DF /* NationalParkMapView.swift */ = {isa = PBXFileReference; lastKnownFileType = sourcecode.swift; path = NationalParkMapView.swift; sourceTree = "<group>"; };
		DCDD6F292754CB0B00B214E8 /* LandmarkDetailView.swift */ = {isa = PBXFileReference; lastKnownFileType = sourcecode.swift; path = LandmarkDetailView.swift; sourceTree = "<group>"; };
		DCDD6F2B2754E44900B214E8 /* charleyrivers.jpg */ = {isa = PBXFileReference; lastKnownFileType = image.jpeg; path = charleyrivers.jpg; sourceTree = "<group>"; };
		DCDD6F2E2754E47500B214E8 /* chincoteague.jpg */ = {isa = PBXFileReference; lastKnownFileType = image.jpeg; path = chincoteague.jpg; sourceTree = "<group>"; };
		DCDD6F302754E47B00B214E8 /* hiddenlake.jpg */ = {isa = PBXFileReference; lastKnownFileType = image.jpeg; path = hiddenlake.jpg; sourceTree = "<group>"; };
		DCDD6F322754E48A00B214E8 /* lakemcdonald.jpg */ = {isa = PBXFileReference; lastKnownFileType = image.jpeg; path = lakemcdonald.jpg; sourceTree = "<group>"; };
		DCDD6F342754E49200B214E8 /* rainbowlake.jpg */ = {isa = PBXFileReference; lastKnownFileType = image.jpeg; path = rainbowlake.jpg; sourceTree = "<group>"; };
		DCDD6F362754E49D00B214E8 /* silversalmoncreek.jpg */ = {isa = PBXFileReference; lastKnownFileType = image.jpeg; path = silversalmoncreek.jpg; sourceTree = "<group>"; };
		DCDD6F382754E4A600B214E8 /* stmarylake.jpg */ = {isa = PBXFileReference; lastKnownFileType = image.jpeg; path = stmarylake.jpg; sourceTree = "<group>"; };
		DCDD6F3A2754E4AF00B214E8 /* twinlake.jpg */ = {isa = PBXFileReference; lastKnownFileType = image.jpeg; path = twinlake.jpg; sourceTree = "<group>"; };
		DCDD6F3C2754E4B600B214E8 /* umbagog.jpg */ = {isa = PBXFileReference; lastKnownFileType = image.jpeg; path = umbagog.jpg; sourceTree = "<group>"; };
		DCDD6F3F2755223200B214E8 /* FavoriteButton.swift */ = {isa = PBXFileReference; lastKnownFileType = sourcecode.swift; path = FavoriteButton.swift; sourceTree = "<group>"; };
/* End PBXFileReference section */

/* Begin PBXFrameworksBuildPhase section */
		DCAB63592750F86700FA27DF /* Frameworks */ = {
			isa = PBXFrameworksBuildPhase;
			buildActionMask = 2147483647;
			files = (
			);
			runOnlyForDeploymentPostprocessing = 0;
		};
/* End PBXFrameworksBuildPhase section */

/* Begin PBXGroup section */
		DC5F5332275124310064A84F /* Views */ = {
			isa = PBXGroup;
			children = (
				DCAB63612750F86700FA27DF /* ContentView.swift */,
				DCAB636D2751014F00FA27DF /* ParkCircleImageView.swift */,
				DCAB636F275102F800FA27DF /* NationalParkMapView.swift */,
				DC5F533C27513B520064A84F /* LandmarkRow.swift */,
				DC1712032754B46A005AB964 /* LandmarkListView.swift */,
				DCDD6F292754CB0B00B214E8 /* LandmarkDetailView.swift */,
			);
			path = Views;
			sourceTree = "<group>";
		};
		DC5F53332751243E0064A84F /* Model */ = {
			isa = PBXGroup;
			children = (
				DC5F5335275132110064A84F /* Landmark.swift */,
				DC5F53372751368E0064A84F /* ModelData.swift */,
			);
			path = Model;
			sourceTree = "<group>";
		};
		DC5F53342751244A0064A84F /* Resources */ = {
			isa = PBXGroup;
			children = (
				DC5F533B275139DB0064A84F /* images */,
				DC5F5339275139C40064A84F /* landmarkData.json */,
			);
			path = Resources;
			sourceTree = "<group>";
		};
		DC5F533B275139DB0064A84F /* images */ = {
			isa = PBXGroup;
			children = (
				DCDD6F3C2754E4B600B214E8 /* umbagog.jpg */,
				DCDD6F3A2754E4AF00B214E8 /* twinlake.jpg */,
				DCDD6F382754E4A600B214E8 /* stmarylake.jpg */,
				DCDD6F362754E49D00B214E8 /* silversalmoncreek.jpg */,
				DCDD6F342754E49200B214E8 /* rainbowlake.jpg */,
				DCDD6F322754E48A00B214E8 /* lakemcdonald.jpg */,
				DCDD6F302754E47B00B214E8 /* hiddenlake.jpg */,
				DCDD6F2E2754E47500B214E8 /* chincoteague.jpg */,
				DCDD6F2B2754E44900B214E8 /* charleyrivers.jpg */,
			);
			path = images;
			sourceTree = "<group>";
		};
		DCAB63532750F86700FA27DF = {
			isa = PBXGroup;
			children = (
				DCAB635E2750F86700FA27DF /* chapter-one */,
				DCAB635D2750F86700FA27DF /* Products */,
			);
			sourceTree = "<group>";
		};
		DCAB635D2750F86700FA27DF /* Products */ = {
			isa = PBXGroup;
			children = (
				DCAB635C2750F86700FA27DF /* chapter-one.app */,
			);
			name = Products;
			sourceTree = "<group>";
		};
		DCAB635E2750F86700FA27DF /* chapter-one */ = {
			isa = PBXGroup;
			children = (
				DCDD6F3E2755221B00B214E8 /* CustomViews */,
				DC5F53342751244A0064A84F /* Resources */,
				DC5F53332751243E0064A84F /* Model */,
				DCAB635F2750F86700FA27DF /* ChapterOneApp.swift */,
				DC5F5332275124310064A84F /* Views */,
				DCAB63632750F86C00FA27DF /* Assets.xcassets */,
				DCAB63652750F86C00FA27DF /* Preview Content */,
			);
			path = "chapter-one";
			sourceTree = "<group>";
		};
		DCAB63652750F86C00FA27DF /* Preview Content */ = {
			isa = PBXGroup;
			children = (
				DCAB63662750F86C00FA27DF /* Preview Assets.xcassets */,
			);
			path = "Preview Content";
			sourceTree = "<group>";
		};
		DCDD6F3E2755221B00B214E8 /* CustomViews */ = {
			isa = PBXGroup;
			children = (
				DCDD6F3F2755223200B214E8 /* FavoriteButton.swift */,
			);
			path = CustomViews;
			sourceTree = "<group>";
		};
/* End PBXGroup section */

/* Begin PBXNativeTarget section */
		DCAB635B2750F86700FA27DF /* chapter-one */ = {
			isa = PBXNativeTarget;
			buildConfigurationList = DCAB636A2750F86C00FA27DF /* Build configuration list for PBXNativeTarget "chapter-one" */;
			buildPhases = (
				DCAB63582750F86700FA27DF /* Sources */,
				DCAB63592750F86700FA27DF /* Frameworks */,
				DCAB635A2750F86700FA27DF /* Resources */,
			);
			buildRules = (
			);
			dependencies = (
			);
			name = "chapter-one";
			productName = "chapter-one";
			productReference = DCAB635C2750F86700FA27DF /* chapter-one.app */;
			productType = "com.apple.product-type.application";
		};
/* End PBXNativeTarget section */

/* Begin PBXProject section */
		DCAB63542750F86700FA27DF /* Project object */ = {
			isa = PBXProject;
			attributes = {
				BuildIndependentTargetsInParallel = 1;
				LastSwiftUpdateCheck = 1310;
				LastUpgradeCheck = 1310;
				TargetAttributes = {
					DCAB635B2750F86700FA27DF = {
						CreatedOnToolsVersion = 13.1;
					};
				};
			};
			buildConfigurationList = DCAB63572750F86700FA27DF /* Build configuration list for PBXProject "chapter-one" */;
			compatibilityVersion = "Xcode 13.0";
			developmentRegion = en;
			hasScannedForEncodings = 0;
			knownRegions = (
				en,
				Base,
			);
			mainGroup = DCAB63532750F86700FA27DF;
			productRefGroup = DCAB635D2750F86700FA27DF /* Products */;
			projectDirPath = "";
			projectRoot = "";
			targets = (
				DCAB635B2750F86700FA27DF /* chapter-one */,
			);
		};
/* End PBXProject section */

/* Begin PBXResourcesBuildPhase section */
		DCAB635A2750F86700FA27DF /* Resources */ = {
			isa = PBXResourcesBuildPhase;
			buildActionMask = 2147483647;
			files = (
				DCDD6F3D2754E4B600B214E8 /* umbagog.jpg in Resources */,
				DCDD6F332754E48A00B214E8 /* lakemcdonald.jpg in Resources */,
				DCAB63672750F86C00FA27DF /* Preview Assets.xcassets in Resources */,
				DCAB63642750F86C00FA27DF /* Assets.xcassets in Resources */,
				DCDD6F372754E49D00B214E8 /* silversalmoncreek.jpg in Resources */,
				DC5F533A275139C40064A84F /* landmarkData.json in Resources */,
				DCDD6F2C2754E44900B214E8 /* charleyrivers.jpg in Resources */,
				DCDD6F392754E4A600B214E8 /* stmarylake.jpg in Resources */,
				DCDD6F352754E49200B214E8 /* rainbowlake.jpg in Resources */,
				DCDD6F312754E47B00B214E8 /* hiddenlake.jpg in Resources */,
				DCDD6F2F2754E47500B214E8 /* chincoteague.jpg in Resources */,
				DCDD6F3B2754E4AF00B214E8 /* twinlake.jpg in Resources */,
			);
			runOnlyForDeploymentPostprocessing = 0;
		};
/* End PBXResourcesBuildPhase section */

/* Begin PBXSourcesBuildPhase section */
		DCAB63582750F86700FA27DF /* Sources */ = {
			isa = PBXSourcesBuildPhase;
			buildActionMask = 2147483647;
			files = (
				DCAB63622750F86700FA27DF /* ContentView.swift in Sources */,
				DCDD6F2A2754CB0B00B214E8 /* LandmarkDetailView.swift in Sources */,
				DCAB6370275102F800FA27DF /* NationalParkMapView.swift in Sources */,
				DCDD6F402755223300B214E8 /* FavoriteButton.swift in Sources */,
				DC5F5336275132110064A84F /* Landmark.swift in Sources */,
				DC1712042754B46A005AB964 /* LandmarkListView.swift in Sources */,
				DCAB63602750F86700FA27DF /* ChapterOneApp.swift in Sources */,
				DCAB636E2751014F00FA27DF /* ParkCircleImageView.swift in Sources */,
				DC5F533D27513B520064A84F /* LandmarkRow.swift in Sources */,
				DC5F53382751368E0064A84F /* ModelData.swift in Sources */,
			);
			runOnlyForDeploymentPostprocessing = 0;
		};
/* End PBXSourcesBuildPhase section */

/* Begin XCBuildConfiguration section */
		DCAB63682750F86C00FA27DF /* Debug */ = {
			isa = XCBuildConfiguration;
			buildSettings = {
				ALWAYS_SEARCH_USER_PATHS = NO;
				CLANG_ANALYZER_NONNULL = YES;
				CLANG_ANALYZER_NUMBER_OBJECT_CONVERSION = YES_AGGRESSIVE;
				CLANG_CXX_LANGUAGE_STANDARD = "gnu++17";
				CLANG_CXX_LIBRARY = "libc++";
				CLANG_ENABLE_MODULES = YES;
				CLANG_ENABLE_OBJC_ARC = YES;
				CLANG_ENABLE_OBJC_WEAK = YES;
				CLANG_WARN_BLOCK_CAPTURE_AUTORELEASING = YES;
				CLANG_WARN_BOOL_CONVERSION = YES;
				CLANG_WARN_COMMA = YES;
				CLANG_WARN_CONSTANT_CONVERSION = YES;
				CLANG_WARN_DEPRECATED_OBJC_IMPLEMENTATIONS = YES;
				CLANG_WARN_DIRECT_OBJC_ISA_USAGE = YES_ERROR;
				CLANG_WARN_DOCUMENTATION_COMMENTS = YES;
				CLANG_WARN_EMPTY_BODY = YES;
				CLANG_WARN_ENUM_CONVERSION = YES;
				CLANG_WARN_INFINITE_RECURSION = YES;
				CLANG_WARN_INT_CONVERSION = YES;
				CLANG_WARN_NON_LITERAL_NULL_CONVERSION = YES;
				CLANG_WARN_OBJC_IMPLICIT_RETAIN_SELF = YES;
				CLANG_WARN_OBJC_LITERAL_CONVERSION = YES;
				CLANG_WARN_OBJC_ROOT_CLASS = YES_ERROR;
				CLANG_WARN_QUOTED_INCLUDE_IN_FRAMEWORK_HEADER = YES;
				CLANG_WARN_RANGE_LOOP_ANALYSIS = YES;
				CLANG_WARN_STRICT_PROTOTYPES = YES;
				CLANG_WARN_SUSPICIOUS_MOVE = YES;
				CLANG_WARN_UNGUARDED_AVAILABILITY = YES_AGGRESSIVE;
				CLANG_WARN_UNREACHABLE_CODE = YES;
				CLANG_WARN__DUPLICATE_METHOD_MATCH = YES;
				COPY_PHASE_STRIP = NO;
				DEBUG_INFORMATION_FORMAT = dwarf;
				ENABLE_STRICT_OBJC_MSGSEND = YES;
				ENABLE_TESTABILITY = YES;
				GCC_C_LANGUAGE_STANDARD = gnu11;
				GCC_DYNAMIC_NO_PIC = NO;
				GCC_NO_COMMON_BLOCKS = YES;
				GCC_OPTIMIZATION_LEVEL = 0;
				GCC_PREPROCESSOR_DEFINITIONS = (
					"DEBUG=1",
					"$(inherited)",
				);
				GCC_WARN_64_TO_32_BIT_CONVERSION = YES;
				GCC_WARN_ABOUT_RETURN_TYPE = YES_ERROR;
				GCC_WARN_UNDECLARED_SELECTOR = YES;
				GCC_WARN_UNINITIALIZED_AUTOS = YES_AGGRESSIVE;
				GCC_WARN_UNUSED_FUNCTION = YES;
				GCC_WARN_UNUSED_VARIABLE = YES;
				IPHONEOS_DEPLOYMENT_TARGET = 15.0;
				MTL_ENABLE_DEBUG_INFO = INCLUDE_SOURCE;
				MTL_FAST_MATH = YES;
				ONLY_ACTIVE_ARCH = YES;
				SDKROOT = iphoneos;
				SWIFT_ACTIVE_COMPILATION_CONDITIONS = DEBUG;
				SWIFT_OPTIMIZATION_LEVEL = "-Onone";
			};
			name = Debug;
		};
		DCAB63692750F86C00FA27DF /* Release */ = {
			isa = XCBuildConfiguration;
			buildSettings = {
				ALWAYS_SEARCH_USER_PATHS = NO;
				CLANG_ANALYZER_NONNULL = YES;
				CLANG_ANALYZER_NUMBER_OBJECT_CONVERSION = YES_AGGRESSIVE;
				CLANG_CXX_LANGUAGE_STANDARD = "gnu++17";
				CLANG_CXX_LIBRARY = "libc++";
				CLANG_ENABLE_MODULES = YES;
				CLANG_ENABLE_OBJC_ARC = YES;
				CLANG_ENABLE_OBJC_WEAK = YES;
				CLANG_WARN_BLOCK_CAPTURE_AUTORELEASING = YES;
				CLANG_WARN_BOOL_CONVERSION = YES;
				CLANG_WARN_COMMA = YES;
				CLANG_WARN_CONSTANT_CONVERSION = YES;
				CLANG_WARN_DEPRECATED_OBJC_IMPLEMENTATIONS = YES;
				CLANG_WARN_DIRECT_OBJC_ISA_USAGE = YES_ERROR;
				CLANG_WARN_DOCUMENTATION_COMMENTS = YES;
				CLANG_WARN_EMPTY_BODY = YES;
				CLANG_WARN_ENUM_CONVERSION = YES;
				CLANG_WARN_INFINITE_RECURSION = YES;
				CLANG_WARN_INT_CONVERSION = YES;
				CLANG_WARN_NON_LITERAL_NULL_CONVERSION = YES;
				CLANG_WARN_OBJC_IMPLICIT_RETAIN_SELF = YES;
				CLANG_WARN_OBJC_LITERAL_CONVERSION = YES;
				CLANG_WARN_OBJC_ROOT_CLASS = YES_ERROR;
				CLANG_WARN_QUOTED_INCLUDE_IN_FRAMEWORK_HEADER = YES;
				CLANG_WARN_RANGE_LOOP_ANALYSIS = YES;
				CLANG_WARN_STRICT_PROTOTYPES = YES;
				CLANG_WARN_SUSPICIOUS_MOVE = YES;
				CLANG_WARN_UNGUARDED_AVAILABILITY = YES_AGGRESSIVE;
				CLANG_WARN_UNREACHABLE_CODE = YES;
				CLANG_WARN__DUPLICATE_METHOD_MATCH = YES;
				COPY_PHASE_STRIP = NO;
				DEBUG_INFORMATION_FORMAT = "dwarf-with-dsym";
				ENABLE_NS_ASSERTIONS = NO;
				ENABLE_STRICT_OBJC_MSGSEND = YES;
				GCC_C_LANGUAGE_STANDARD = gnu11;
				GCC_NO_COMMON_BLOCKS = YES;
				GCC_WARN_64_TO_32_BIT_CONVERSION = YES;
				GCC_WARN_ABOUT_RETURN_TYPE = YES_ERROR;
				GCC_WARN_UNDECLARED_SELECTOR = YES;
				GCC_WARN_UNINITIALIZED_AUTOS = YES_AGGRESSIVE;
				GCC_WARN_UNUSED_FUNCTION = YES;
				GCC_WARN_UNUSED_VARIABLE = YES;
				IPHONEOS_DEPLOYMENT_TARGET = 15.0;
				MTL_ENABLE_DEBUG_INFO = NO;
				MTL_FAST_MATH = YES;
				SDKROOT = iphoneos;
				SWIFT_COMPILATION_MODE = wholemodule;
				SWIFT_OPTIMIZATION_LEVEL = "-O";
				VALIDATE_PRODUCT = YES;
			};
			name = Release;
		};
		DCAB636B2750F86C00FA27DF /* Debug */ = {
			isa = XCBuildConfiguration;
			buildSettings = {
				ASSETCATALOG_COMPILER_APPICON_NAME = AppIcon;
				ASSETCATALOG_COMPILER_GLOBAL_ACCENT_COLOR_NAME = AccentColor;
				CODE_SIGN_STYLE = Automatic;
				CURRENT_PROJECT_VERSION = 1;
				DEVELOPMENT_ASSET_PATHS = "\"chapter-one/Preview Content\"";
				ENABLE_PREVIEWS = YES;
				GENERATE_INFOPLIST_FILE = YES;
				INFOPLIST_KEY_UIApplicationSceneManifest_Generation = YES;
				INFOPLIST_KEY_UIApplicationSupportsIndirectInputEvents = YES;
				INFOPLIST_KEY_UILaunchScreen_Generation = YES;
				INFOPLIST_KEY_UISupportedInterfaceOrientations_iPad = "UIInterfaceOrientationPortrait UIInterfaceOrientationPortraitUpsideDown UIInterfaceOrientationLandscapeLeft UIInterfaceOrientationLandscapeRight";
				INFOPLIST_KEY_UISupportedInterfaceOrientations_iPhone = "UIInterfaceOrientationPortrait UIInterfaceOrientationLandscapeLeft UIInterfaceOrientationLandscapeRight";
				LD_RUNPATH_SEARCH_PATHS = (
					"$(inherited)",
					"@executable_path/Frameworks",
				);
				MARKETING_VERSION = 1.0;
				PRODUCT_BUNDLE_IDENTIFIER = "samuelowino.chapter-one";
				PRODUCT_NAME = "$(TARGET_NAME)";
				SWIFT_EMIT_LOC_STRINGS = YES;
				SWIFT_VERSION = 5.0;
				TARGETED_DEVICE_FAMILY = "1,2";
			};
			name = Debug;
		};
		DCAB636C2750F86C00FA27DF /* Release */ = {
			isa = XCBuildConfiguration;
			buildSettings = {
				ASSETCATALOG_COMPILER_APPICON_NAME = AppIcon;
				ASSETCATALOG_COMPILER_GLOBAL_ACCENT_COLOR_NAME = AccentColor;
				CODE_SIGN_STYLE = Automatic;
				CURRENT_PROJECT_VERSION = 1;
				DEVELOPMENT_ASSET_PATHS = "\"chapter-one/Preview Content\"";
				ENABLE_PREVIEWS = YES;
				GENERATE_INFOPLIST_FILE = YES;
				INFOPLIST_KEY_UIApplicationSceneManifest_Generation = YES;
				INFOPLIST_KEY_UIApplicationSupportsIndirectInputEvents = YES;
				INFOPLIST_KEY_UILaunchScreen_Generation = YES;
				INFOPLIST_KEY_UISupportedInterfaceOrientations_iPad = "UIInterfaceOrientationPortrait UIInterfaceOrientationPortraitUpsideDown UIInterfaceOrientationLandscapeLeft UIInterfaceOrientationLandscapeRight";
				INFOPLIST_KEY_UISupportedInterfaceOrientations_iPhone = "UIInterfaceOrientationPortrait UIInterfaceOrientationLandscapeLeft UIInterfaceOrientationLandscapeRight";
				LD_RUNPATH_SEARCH_PATHS = (
					"$(inherited)",
					"@executable_path/Frameworks",
				);
				MARKETING_VERSION = 1.0;
				PRODUCT_BUNDLE_IDENTIFIER = "samuelowino.chapter-one";
				PRODUCT_NAME = "$(TARGET_NAME)";
				SWIFT_EMIT_LOC_STRINGS = YES;
				SWIFT_VERSION = 5.0;
				TARGETED_DEVICE_FAMILY = "1,2";
			};
			name = Release;
		};
/* End XCBuildConfiguration section */

/* Begin XCConfigurationList section */
		DCAB63572750F86700FA27DF /* Build configuration list for PBXProject "chapter-one" */ = {
			isa = XCConfigurationList;
			buildConfigurations = (
				DCAB63682750F86C00FA27DF /* Debug */,
				DCAB63692750F86C00FA27DF /* Release */,
			);
			defaultConfigurationIsVisible = 0;
			defaultConfigurationName = Release;
		};
		DCAB636A2750F86C00FA27DF /* Build configuration list for PBXNativeTarget "chapter-one" */ = {
			isa = XCConfigurationList;
			buildConfigurations = (
				DCAB636B2750F86C00FA27DF /* Debug */,
				DCAB636C2750F86C00FA27DF /* Release */,
			);
			defaultConfigurationIsVisible = 0;
			defaultConfigurationName = Release;
		};
/* End XCConfigurationList section */
	};
	rootObject = DCAB63542750F86700FA27DF /* Project object */;
}
