// !$*UTF8*$!
{
	archiveVersion = 1;
	classes = {
	};
	objectVersion = 55;
	objects = {

/* Begin PBXBuildFile section */
		DC6C136F275608540057D6F4 /* hikeData.json in Resources */ = {isa = PBXBuildFile; fileRef = DC6C136E275608540057D6F4 /* hikeData.json */; };
		DC6C13722756089D0057D6F4 /* Hike.swift in Sources */ = {isa = PBXBuildFile; fileRef = DC6C13712756089D0057D6F4 /* Hike.swift */; };
		DC6C137427560A3F0057D6F4 /* ModelData.swift in Sources */ = {isa = PBXBuildFile; fileRef = DC6C137327560A3F0057D6F4 /* ModelData.swift */; };
		DC6C137627560DA30057D6F4 /* landmarkData.json in Resources */ = {isa = PBXBuildFile; fileRef = DC6C137527560DA30057D6F4 /* landmarkData.json */; };
		DC6C137827560E160057D6F4 /* Landmark.swift in Sources */ = {isa = PBXBuildFile; fileRef = DC6C137727560E160057D6F4 /* Landmark.swift */; };
		DC6C139B275630E30057D6F4 /* HikeView.swift in Sources */ = {isa = PBXBuildFile; fileRef = DC6C139A275630E30057D6F4 /* HikeView.swift */; };
		DC6C139D2756322A0057D6F4 /* GraphCapsule.swift in Sources */ = {isa = PBXBuildFile; fileRef = DC6C139C2756322A0057D6F4 /* GraphCapsule.swift */; };
		DC6C139F275633530057D6F4 /* HikeGraph.swift in Sources */ = {isa = PBXBuildFile; fileRef = DC6C139E275633530057D6F4 /* HikeGraph.swift */; };
		DC6C13A12756342E0057D6F4 /* HikeDetail.swift in Sources */ = {isa = PBXBuildFile; fileRef = DC6C13A02756342E0057D6F4 /* HikeDetail.swift */; };
		DCDD6F6E2755442500B214E8 /* ChapterTwoBApp.swift in Sources */ = {isa = PBXBuildFile; fileRef = DCDD6F6D2755442500B214E8 /* ChapterTwoBApp.swift */; };
		DCDD6F702755442500B214E8 /* ContentView.swift in Sources */ = {isa = PBXBuildFile; fileRef = DCDD6F6F2755442500B214E8 /* ContentView.swift */; };
		DCDD6F722755442900B214E8 /* Assets.xcassets in Resources */ = {isa = PBXBuildFile; fileRef = DCDD6F712755442900B214E8 /* Assets.xcassets */; };
		DCDD6F752755442900B214E8 /* Preview Assets.xcassets in Resources */ = {isa = PBXBuildFile; fileRef = DCDD6F742755442900B214E8 /* Preview Assets.xcassets */; };
/* End PBXBuildFile section */

/* Begin PBXFileReference section */
		DC6C136E275608540057D6F4 /* hikeData.json */ = {isa = PBXFileReference; fileEncoding = 4; lastKnownFileType = text.json; path = hikeData.json; sourceTree = "<group>"; };
		DC6C13712756089D0057D6F4 /* Hike.swift */ = {isa = PBXFileReference; lastKnownFileType = sourcecode.swift; path = Hike.swift; sourceTree = "<group>"; };
		DC6C137327560A3F0057D6F4 /* ModelData.swift */ = {isa = PBXFileReference; lastKnownFileType = sourcecode.swift; path = ModelData.swift; sourceTree = "<group>"; };
		DC6C137527560DA30057D6F4 /* landmarkData.json */ = {isa = PBXFileReference; fileEncoding = 4; lastKnownFileType = text.json; name = landmarkData.json; path = "../../../chapter-one/chapter-one/Resources/landmarkData.json"; sourceTree = "<group>"; };
		DC6C137727560E160057D6F4 /* Landmark.swift */ = {isa = PBXFileReference; lastKnownFileType = sourcecode.swift; path = Landmark.swift; sourceTree = "<group>"; };
		DC6C139A275630E30057D6F4 /* HikeView.swift */ = {isa = PBXFileReference; lastKnownFileType = sourcecode.swift; path = HikeView.swift; sourceTree = "<group>"; };
		DC6C139C2756322A0057D6F4 /* GraphCapsule.swift */ = {isa = PBXFileReference; lastKnownFileType = sourcecode.swift; path = GraphCapsule.swift; sourceTree = "<group>"; };
		DC6C139E275633530057D6F4 /* HikeGraph.swift */ = {isa = PBXFileReference; lastKnownFileType = sourcecode.swift; path = HikeGraph.swift; sourceTree = "<group>"; };
		DC6C13A02756342E0057D6F4 /* HikeDetail.swift */ = {isa = PBXFileReference; lastKnownFileType = sourcecode.swift; path = HikeDetail.swift; sourceTree = "<group>"; };
		DCDD6F6A2755442500B214E8 /* chapter-two-b.app */ = {isa = PBXFileReference; explicitFileType = wrapper.application; includeInIndex = 0; path = "chapter-two-b.app"; sourceTree = BUILT_PRODUCTS_DIR; };
		DCDD6F6D2755442500B214E8 /* ChapterTwoBApp.swift */ = {isa = PBXFileReference; lastKnownFileType = sourcecode.swift; path = ChapterTwoBApp.swift; sourceTree = "<group>"; };
		DCDD6F6F2755442500B214E8 /* ContentView.swift */ = {isa = PBXFileReference; lastKnownFileType = sourcecode.swift; path = ContentView.swift; sourceTree = "<group>"; };
		DCDD6F712755442900B214E8 /* Assets.xcassets */ = {isa = PBXFileReference; lastKnownFileType = folder.assetcatalog; path = Assets.xcassets; sourceTree = "<group>"; };
		DCDD6F742755442900B214E8 /* Preview Assets.xcassets */ = {isa = PBXFileReference; lastKnownFileType = folder.assetcatalog; path = "Preview Assets.xcassets"; sourceTree = "<group>"; };
/* End PBXFileReference section */

/* Begin PBXFrameworksBuildPhase section */
		DCDD6F672755442500B214E8 /* Frameworks */ = {
			isa = PBXFrameworksBuildPhase;
			buildActionMask = 2147483647;
			files = (
			);
			runOnlyForDeploymentPostprocessing = 0;
		};
/* End PBXFrameworksBuildPhase section */

/* Begin PBXGroup section */
		DC6C1370275608880057D6F4 /* Model */ = {
			isa = PBXGroup;
			children = (
				DC6C13712756089D0057D6F4 /* Hike.swift */,
				DC6C137327560A3F0057D6F4 /* ModelData.swift */,
				DC6C137727560E160057D6F4 /* Landmark.swift */,
			);
			path = Model;
			sourceTree = "<group>";
		};
		DC6C1399275630D10057D6F4 /* Views */ = {
			isa = PBXGroup;
			children = (
				DC6C139A275630E30057D6F4 /* HikeView.swift */,
				DC6C139C2756322A0057D6F4 /* GraphCapsule.swift */,
				DC6C139E275633530057D6F4 /* HikeGraph.swift */,
				DC6C13A02756342E0057D6F4 /* HikeDetail.swift */,
			);
			path = Views;
			sourceTree = "<group>";
		};
		DCDD6F612755442500B214E8 = {
			isa = PBXGroup;
			children = (
				DCDD6F6C2755442500B214E8 /* chapter-two-b */,
				DCDD6F6B2755442500B214E8 /* Products */,
			);
			sourceTree = "<group>";
		};
		DCDD6F6B2755442500B214E8 /* Products */ = {
			isa = PBXGroup;
			children = (
				DCDD6F6A2755442500B214E8 /* chapter-two-b.app */,
			);
			name = Products;
			sourceTree = "<group>";
		};
		DCDD6F6C2755442500B214E8 /* chapter-two-b */ = {
			isa = PBXGroup;
			children = (
				DC6C1399275630D10057D6F4 /* Views */,
				DC6C1370275608880057D6F4 /* Model */,
				DCDD6F7B2755457000B214E8 /* Resources */,
				DCDD6F6D2755442500B214E8 /* ChapterTwoBApp.swift */,
				DCDD6F6F2755442500B214E8 /* ContentView.swift */,
				DCDD6F712755442900B214E8 /* Assets.xcassets */,
				DCDD6F732755442900B214E8 /* Preview Content */,
			);
			path = "chapter-two-b";
			sourceTree = "<group>";
		};
		DCDD6F732755442900B214E8 /* Preview Content */ = {
			isa = PBXGroup;
			children = (
				DCDD6F742755442900B214E8 /* Preview Assets.xcassets */,
			);
			path = "Preview Content";
			sourceTree = "<group>";
		};
		DCDD6F7B2755457000B214E8 /* Resources */ = {
			isa = PBXGroup;
			children = (
				DC6C137527560DA30057D6F4 /* landmarkData.json */,
				DC6C136E275608540057D6F4 /* hikeData.json */,
			);
			path = Resources;
			sourceTree = "<group>";
		};
/* End PBXGroup section */

/* Begin PBXNativeTarget section */
		DCDD6F692755442500B214E8 /* chapter-two-b */ = {
			isa = PBXNativeTarget;
			buildConfigurationList = DCDD6F782755442900B214E8 /* Build configuration list for PBXNativeTarget "chapter-two-b" */;
			buildPhases = (
				DCDD6F662755442500B214E8 /* Sources */,
				DCDD6F672755442500B214E8 /* Frameworks */,
				DCDD6F682755442500B214E8 /* Resources */,
			);
			buildRules = (
			);
			dependencies = (
			);
			name = "chapter-two-b";
			productName = "chapter-two-b";
			productReference = DCDD6F6A2755442500B214E8 /* chapter-two-b.app */;
			productType = "com.apple.product-type.application";
		};
/* End PBXNativeTarget section */

/* Begin PBXProject section */
		DCDD6F622755442500B214E8 /* Project object */ = {
			isa = PBXProject;
			attributes = {
				BuildIndependentTargetsInParallel = 1;
				LastSwiftUpdateCheck = 1310;
				LastUpgradeCheck = 1310;
				TargetAttributes = {
					DCDD6F692755442500B214E8 = {
						CreatedOnToolsVersion = 13.1;
					};
				};
			};
			buildConfigurationList = DCDD6F652755442500B214E8 /* Build configuration list for PBXProject "chapter-two-b" */;
			compatibilityVersion = "Xcode 13.0";
			developmentRegion = en;
			hasScannedForEncodings = 0;
			knownRegions = (
				en,
				Base,
			);
			mainGroup = DCDD6F612755442500B214E8;
			productRefGroup = DCDD6F6B2755442500B214E8 /* Products */;
			projectDirPath = "";
			projectRoot = "";
			targets = (
				DCDD6F692755442500B214E8 /* chapter-two-b */,
			);
		};
/* End PBXProject section */

/* Begin PBXResourcesBuildPhase section */
		DCDD6F682755442500B214E8 /* Resources */ = {
			isa = PBXResourcesBuildPhase;
			buildActionMask = 2147483647;
			files = (
				DCDD6F752755442900B214E8 /* Preview Assets.xcassets in Resources */,
				DC6C137627560DA30057D6F4 /* landmarkData.json in Resources */,
				DC6C136F275608540057D6F4 /* hikeData.json in Resources */,
				DCDD6F722755442900B214E8 /* Assets.xcassets in Resources */,
			);
			runOnlyForDeploymentPostprocessing = 0;
		};
/* End PBXResourcesBuildPhase section */

/* Begin PBXSourcesBuildPhase section */
		DCDD6F662755442500B214E8 /* Sources */ = {
			isa = PBXSourcesBuildPhase;
			buildActionMask = 2147483647;
			files = (
				DC6C13722756089D0057D6F4 /* Hike.swift in Sources */,
				DC6C139B275630E30057D6F4 /* HikeView.swift in Sources */,
				DC6C13A12756342E0057D6F4 /* HikeDetail.swift in Sources */,
				DC6C137427560A3F0057D6F4 /* ModelData.swift in Sources */,
				DCDD6F702755442500B214E8 /* ContentView.swift in Sources */,
				DCDD6F6E2755442500B214E8 /* ChapterTwoBApp.swift in Sources */,
				DC6C139F275633530057D6F4 /* HikeGraph.swift in Sources */,
				DC6C137827560E160057D6F4 /* Landmark.swift in Sources */,
				DC6C139D2756322A0057D6F4 /* GraphCapsule.swift in Sources */,
			);
			runOnlyForDeploymentPostprocessing = 0;
		};
/* End PBXSourcesBuildPhase section */

/* Begin XCBuildConfiguration section */
		DCDD6F762755442900B214E8 /* Debug */ = {
			isa = XCBuildConfiguration;
			buildSettings = {
				ALWAYS_SEARCH_USER_PATHS = NO;
				CLANG_ANALYZER_NONNULL = YES;
				CLANG_ANALYZER_NUMBER_OBJECT_CONVERSION = YES_AGGRESSIVE;
				CLANG_CXX_LANGUAGE_STANDARD = "gnu++17";
				CLANG_CXX_LIBRARY = "libc++";
				CLANG_ENABLE_MODULES = YES;
				CLANG_ENABLE_OBJC_ARC = YES;
				CLANG_ENABLE_OBJC_WEAK = YES;
				CLANG_WARN_BLOCK_CAPTURE_AUTORELEASING = YES;
				CLANG_WARN_BOOL_CONVERSION = YES;
				CLANG_WARN_COMMA = YES;
				CLANG_WARN_CONSTANT_CONVERSION = YES;
				CLANG_WARN_DEPRECATED_OBJC_IMPLEMENTATIONS = YES;
				CLANG_WARN_DIRECT_OBJC_ISA_USAGE = YES_ERROR;
				CLANG_WARN_DOCUMENTATION_COMMENTS = YES;
				CLANG_WARN_EMPTY_BODY = YES;
				CLANG_WARN_ENUM_CONVERSION = YES;
				CLANG_WARN_INFINITE_RECURSION = YES;
				CLANG_WARN_INT_CONVERSION = YES;
				CLANG_WARN_NON_LITERAL_NULL_CONVERSION = YES;
				CLANG_WARN_OBJC_IMPLICIT_RETAIN_SELF = YES;
				CLANG_WARN_OBJC_LITERAL_CONVERSION = YES;
				CLANG_WARN_OBJC_ROOT_CLASS = YES_ERROR;
				CLANG_WARN_QUOTED_INCLUDE_IN_FRAMEWORK_HEADER = YES;
				CLANG_WARN_RANGE_LOOP_ANALYSIS = YES;
				CLANG_WARN_STRICT_PROTOTYPES = YES;
				CLANG_WARN_SUSPICIOUS_MOVE = YES;
				CLANG_WARN_UNGUARDED_AVAILABILITY = YES_AGGRESSIVE;
				CLANG_WARN_UNREACHABLE_CODE = YES;
				CLANG_WARN__DUPLICATE_METHOD_MATCH = YES;
				COPY_PHASE_STRIP = NO;
				DEBUG_INFORMATION_FORMAT = dwarf;
				ENABLE_STRICT_OBJC_MSGSEND = YES;
				ENABLE_TESTABILITY = YES;
				GCC_C_LANGUAGE_STANDARD = gnu11;
				GCC_DYNAMIC_NO_PIC = NO;
				GCC_NO_COMMON_BLOCKS = YES;
				GCC_OPTIMIZATION_LEVEL = 0;
				GCC_PREPROCESSOR_DEFINITIONS = (
					"DEBUG=1",
					"$(inherited)",
				);
				GCC_WARN_64_TO_32_BIT_CONVERSION = YES;
				GCC_WARN_ABOUT_RETURN_TYPE = YES_ERROR;
				GCC_WARN_UNDECLARED_SELECTOR = YES;
				GCC_WARN_UNINITIALIZED_AUTOS = YES_AGGRESSIVE;
				GCC_WARN_UNUSED_FUNCTION = YES;
				GCC_WARN_UNUSED_VARIABLE = YES;
				IPHONEOS_DEPLOYMENT_TARGET = 15.0;
				MTL_ENABLE_DEBUG_INFO = INCLUDE_SOURCE;
				MTL_FAST_MATH = YES;
				ONLY_ACTIVE_ARCH = YES;
				SDKROOT = iphoneos;
				SWIFT_ACTIVE_COMPILATION_CONDITIONS = DEBUG;
				SWIFT_OPTIMIZATION_LEVEL = "-Onone";
			};
			name = Debug;
		};
		DCDD6F772755442900B214E8 /* Release */ = {
			isa = XCBuildConfiguration;
			buildSettings = {
				ALWAYS_SEARCH_USER_PATHS = NO;
				CLANG_ANALYZER_NONNULL = YES;
				CLANG_ANALYZER_NUMBER_OBJECT_CONVERSION = YES_AGGRESSIVE;
				CLANG_CXX_LANGUAGE_STANDARD = "gnu++17";
				CLANG_CXX_LIBRARY = "libc++";
				CLANG_ENABLE_MODULES = YES;
				CLANG_ENABLE_OBJC_ARC = YES;
				CLANG_ENABLE_OBJC_WEAK = YES;
				CLANG_WARN_BLOCK_CAPTURE_AUTORELEASING = YES;
				CLANG_WARN_BOOL_CONVERSION = YES;
				CLANG_WARN_COMMA = YES;
				CLANG_WARN_CONSTANT_CONVERSION = YES;
				CLANG_WARN_DEPRECATED_OBJC_IMPLEMENTATIONS = YES;
				CLANG_WARN_DIRECT_OBJC_ISA_USAGE = YES_ERROR;
				CLANG_WARN_DOCUMENTATION_COMMENTS = YES;
				CLANG_WARN_EMPTY_BODY = YES;
				CLANG_WARN_ENUM_CONVERSION = YES;
				CLANG_WARN_INFINITE_RECURSION = YES;
				CLANG_WARN_INT_CONVERSION = YES;
				CLANG_WARN_NON_LITERAL_NULL_CONVERSION = YES;
				CLANG_WARN_OBJC_IMPLICIT_RETAIN_SELF = YES;
				CLANG_WARN_OBJC_LITERAL_CONVERSION = YES;
				CLANG_WARN_OBJC_ROOT_CLASS = YES_ERROR;
				CLANG_WARN_QUOTED_INCLUDE_IN_FRAMEWORK_HEADER = YES;
				CLANG_WARN_RANGE_LOOP_ANALYSIS = YES;
				CLANG_WARN_STRICT_PROTOTYPES = YES;
				CLANG_WARN_SUSPICIOUS_MOVE = YES;
				CLANG_WARN_UNGUARDED_AVAILABILITY = YES_AGGRESSIVE;
				CLANG_WARN_UNREACHABLE_CODE = YES;
				CLANG_WARN__DUPLICATE_METHOD_MATCH = YES;
				COPY_PHASE_STRIP = NO;
				DEBUG_INFORMATION_FORMAT = "dwarf-with-dsym";
				ENABLE_NS_ASSERTIONS = NO;
				ENABLE_STRICT_OBJC_MSGSEND = YES;
				GCC_C_LANGUAGE_STANDARD = gnu11;
				GCC_NO_COMMON_BLOCKS = YES;
				GCC_WARN_64_TO_32_BIT_CONVERSION = YES;
				GCC_WARN_ABOUT_RETURN_TYPE = YES_ERROR;
				GCC_WARN_UNDECLARED_SELECTOR = YES;
				GCC_WARN_UNINITIALIZED_AUTOS = YES_AGGRESSIVE;
				GCC_WARN_UNUSED_FUNCTION = YES;
				GCC_WARN_UNUSED_VARIABLE = YES;
				IPHONEOS_DEPLOYMENT_TARGET = 15.0;
				MTL_ENABLE_DEBUG_INFO = NO;
				MTL_FAST_MATH = YES;
				SDKROOT = iphoneos;
				SWIFT_COMPILATION_MODE = wholemodule;
				SWIFT_OPTIMIZATION_LEVEL = "-O";
				VALIDATE_PRODUCT = YES;
			};
			name = Release;
		};
		DCDD6F792755442900B214E8 /* Debug */ = {
			isa = XCBuildConfiguration;
			buildSettings = {
				ASSETCATALOG_COMPILER_APPICON_NAME = AppIcon;
				ASSETCATALOG_COMPILER_GLOBAL_ACCENT_COLOR_NAME = AccentColor;
				CODE_SIGN_STYLE = Automatic;
				CURRENT_PROJECT_VERSION = 1;
				DEVELOPMENT_ASSET_PATHS = "\"chapter-two-b/Preview Content\"";
				ENABLE_PREVIEWS = YES;
				GENERATE_INFOPLIST_FILE = YES;
				INFOPLIST_KEY_UIApplicationSceneManifest_Generation = YES;
				INFOPLIST_KEY_UIApplicationSupportsIndirectInputEvents = YES;
				INFOPLIST_KEY_UILaunchScreen_Generation = YES;
				INFOPLIST_KEY_UISupportedInterfaceOrientations_iPad = "UIInterfaceOrientationPortrait UIInterfaceOrientationPortraitUpsideDown UIInterfaceOrientationLandscapeLeft UIInterfaceOrientationLandscapeRight";
				INFOPLIST_KEY_UISupportedInterfaceOrientations_iPhone = "UIInterfaceOrientationPortrait UIInterfaceOrientationLandscapeLeft UIInterfaceOrientationLandscapeRight";
				LD_RUNPATH_SEARCH_PATHS = (
					"$(inherited)",
					"@executable_path/Frameworks",
				);
				MARKETING_VERSION = 1.0;
				PRODUCT_BUNDLE_IDENTIFIER = "samuelowino.chapter-two-b";
				PRODUCT_NAME = "$(TARGET_NAME)";
				SWIFT_EMIT_LOC_STRINGS = YES;
				SWIFT_VERSION = 5.0;
				TARGETED_DEVICE_FAMILY = "1,2";
			};
			name = Debug;
		};
		DCDD6F7A2755442900B214E8 /* Release */ = {
			isa = XCBuildConfiguration;
			buildSettings = {
				ASSETCATALOG_COMPILER_APPICON_NAME = AppIcon;
				ASSETCATALOG_COMPILER_GLOBAL_ACCENT_COLOR_NAME = AccentColor;
				CODE_SIGN_STYLE = Automatic;
				CURRENT_PROJECT_VERSION = 1;
				DEVELOPMENT_ASSET_PATHS = "\"chapter-two-b/Preview Content\"";
				ENABLE_PREVIEWS = YES;
				GENERATE_INFOPLIST_FILE = YES;
				INFOPLIST_KEY_UIApplicationSceneManifest_Generation = YES;
				INFOPLIST_KEY_UIApplicationSupportsIndirectInputEvents = YES;
				INFOPLIST_KEY_UILaunchScreen_Generation = YES;
				INFOPLIST_KEY_UISupportedInterfaceOrientations_iPad = "UIInterfaceOrientationPortrait UIInterfaceOrientationPortraitUpsideDown UIInterfaceOrientationLandscapeLeft UIInterfaceOrientationLandscapeRight";
				INFOPLIST_KEY_UISupportedInterfaceOrientations_iPhone = "UIInterfaceOrientationPortrait UIInterfaceOrientationLandscapeLeft UIInterfaceOrientationLandscapeRight";
				LD_RUNPATH_SEARCH_PATHS = (
					"$(inherited)",
					"@executable_path/Frameworks",
				);
				MARKETING_VERSION = 1.0;
				PRODUCT_BUNDLE_IDENTIFIER = "samuelowino.chapter-two-b";
				PRODUCT_NAME = "$(TARGET_NAME)";
				SWIFT_EMIT_LOC_STRINGS = YES;
				SWIFT_VERSION = 5.0;
				TARGETED_DEVICE_FAMILY = "1,2";
			};
			name = Release;
		};
/* End XCBuildConfiguration section */

/* Begin XCConfigurationList section */
		DCDD6F652755442500B214E8 /* Build configuration list for PBXProject "chapter-two-b" */ = {
			isa = XCConfigurationList;
			buildConfigurations = (
				DCDD6F762755442900B214E8 /* Debug */,
				DCDD6F772755442900B214E8 /* Release */,
			);
			defaultConfigurationIsVisible = 0;
			defaultConfigurationName = Release;
		};
		DCDD6F782755442900B214E8 /* Build configuration list for PBXNativeTarget "chapter-two-b" */ = {
			isa = XCConfigurationList;
			buildConfigurations = (
				DCDD6F792755442900B214E8 /* Debug */,
				DCDD6F7A2755442900B214E8 /* Release */,
			);
			defaultConfigurationIsVisible = 0;
			defaultConfigurationName = Release;
		};
/* End XCConfigurationList section */
	};
	rootObject = DCDD6F622755442500B214E8 /* Project object */;
}
