// !$*UTF8*$!
{
	archiveVersion = 1;
	classes = {
	};
	objectVersion = 56;
	objects = {

/* Begin PBXBuildFile section */
		DC9CDC892B890F1F00D28CD5 /* UITextViewLabApp.swift in Sources */ = {isa = PBXBuildFile; fileRef = DC9CDC882B890F1F00D28CD5 /* UITextViewLabApp.swift */; };
		DC9CDC8B2B890F1F00D28CD5 /* ContentView.swift in Sources */ = {isa = PBXBuildFile; fileRef = DC9CDC8A2B890F1F00D28CD5 /* ContentView.swift */; };
		DC9CDC8D2B890F2100D28CD5 /* Assets.xcassets in Resources */ = {isa = PBXBuildFile; fileRef = DC9CDC8C2B890F2100D28CD5 /* Assets.xcassets */; };
		DC9CDC902B890F2100D28CD5 /* Preview Assets.xcassets in Resources */ = {isa = PBXBuildFile; fileRef = DC9CDC8F2B890F2100D28CD5 /* Preview Assets.xcassets */; };
		DC9CDC9B2B890F2100D28CD5 /* UITextViewLabTests.swift in Sources */ = {isa = PBXBuildFile; fileRef = DC9CDC9A2B890F2100D28CD5 /* UITextViewLabTests.swift */; };
		DC9CDCA52B890F2100D28CD5 /* UITextViewLabUITests.swift in Sources */ = {isa = PBXBuildFile; fileRef = DC9CDCA42B890F2100D28CD5 /* UITextViewLabUITests.swift */; };
		DC9CDCA72B890F2100D28CD5 /* UITextViewLabUITestsLaunchTests.swift in Sources */ = {isa = PBXBuildFile; fileRef = DC9CDCA62B890F2100D28CD5 /* UITextViewLabUITestsLaunchTests.swift */; };
/* End PBXBuildFile section */

/* Begin PBXContainerItemProxy section */
		DC9CDC972B890F2100D28CD5 /* PBXContainerItemProxy */ = {
			isa = PBXContainerItemProxy;
			containerPortal = DC9CDC7D2B890F1F00D28CD5 /* Project object */;
			proxyType = 1;
			remoteGlobalIDString = DC9CDC842B890F1F00D28CD5;
			remoteInfo = UITextViewLab;
		};
		DC9CDCA12B890F2100D28CD5 /* PBXContainerItemProxy */ = {
			isa = PBXContainerItemProxy;
			containerPortal = DC9CDC7D2B890F1F00D28CD5 /* Project object */;
			proxyType = 1;
			remoteGlobalIDString = DC9CDC842B890F1F00D28CD5;
			remoteInfo = UITextViewLab;
		};
/* End PBXContainerItemProxy section */

/* Begin PBXFileReference section */
		DC9CDC852B890F1F00D28CD5 /* UITextViewLab.app */ = {isa = PBXFileReference; explicitFileType = wrapper.application; includeInIndex = 0; path = UITextViewLab.app; sourceTree = BUILT_PRODUCTS_DIR; };
		DC9CDC882B890F1F00D28CD5 /* UITextViewLabApp.swift */ = {isa = PBXFileReference; lastKnownFileType = sourcecode.swift; path = UITextViewLabApp.swift; sourceTree = "<group>"; };
		DC9CDC8A2B890F1F00D28CD5 /* ContentView.swift */ = {isa = PBXFileReference; lastKnownFileType = sourcecode.swift; path = ContentView.swift; sourceTree = "<group>"; };
		DC9CDC8C2B890F2100D28CD5 /* Assets.xcassets */ = {isa = PBXFileReference; lastKnownFileType = folder.assetcatalog; path = Assets.xcassets; sourceTree = "<group>"; };
		DC9CDC8F2B890F2100D28CD5 /* Preview Assets.xcassets */ = {isa = PBXFileReference; lastKnownFileType = folder.assetcatalog; path = "Preview Assets.xcassets"; sourceTree = "<group>"; };
		DC9CDC912B890F2100D28CD5 /* UITextViewLab.entitlements */ = {isa = PBXFileReference; lastKnownFileType = text.plist.entitlements; path = UITextViewLab.entitlements; sourceTree = "<group>"; };
		DC9CDC962B890F2100D28CD5 /* UITextViewLabTests.xctest */ = {isa = PBXFileReference; explicitFileType = wrapper.cfbundle; includeInIndex = 0; path = UITextViewLabTests.xctest; sourceTree = BUILT_PRODUCTS_DIR; };
		DC9CDC9A2B890F2100D28CD5 /* UITextViewLabTests.swift */ = {isa = PBXFileReference; lastKnownFileType = sourcecode.swift; path = UITextViewLabTests.swift; sourceTree = "<group>"; };
		DC9CDCA02B890F2100D28CD5 /* UITextViewLabUITests.xctest */ = {isa = PBXFileReference; explicitFileType = wrapper.cfbundle; includeInIndex = 0; path = UITextViewLabUITests.xctest; sourceTree = BUILT_PRODUCTS_DIR; };
		DC9CDCA42B890F2100D28CD5 /* UITextViewLabUITests.swift */ = {isa = PBXFileReference; lastKnownFileType = sourcecode.swift; path = UITextViewLabUITests.swift; sourceTree = "<group>"; };
		DC9CDCA62B890F2100D28CD5 /* UITextViewLabUITestsLaunchTests.swift */ = {isa = PBXFileReference; lastKnownFileType = sourcecode.swift; path = UITextViewLabUITestsLaunchTests.swift; sourceTree = "<group>"; };
/* End PBXFileReference section */

/* Begin PBXFrameworksBuildPhase section */
		DC9CDC822B890F1F00D28CD5 /* Frameworks */ = {
			isa = PBXFrameworksBuildPhase;
			buildActionMask = 2147483647;
			files = (
			);
			runOnlyForDeploymentPostprocessing = 0;
		};
		DC9CDC932B890F2100D28CD5 /* Frameworks */ = {
			isa = PBXFrameworksBuildPhase;
			buildActionMask = 2147483647;
			files = (
			);
			runOnlyForDeploymentPostprocessing = 0;
		};
		DC9CDC9D2B890F2100D28CD5 /* Frameworks */ = {
			isa = PBXFrameworksBuildPhase;
			buildActionMask = 2147483647;
			files = (
			);
			runOnlyForDeploymentPostprocessing = 0;
		};
/* End PBXFrameworksBuildPhase section */

/* Begin PBXGroup section */
		DC9CDC7C2B890F1F00D28CD5 = {
			isa = PBXGroup;
			children = (
				DC9CDC872B890F1F00D28CD5 /* UITextViewLab */,
				DC9CDC992B890F2100D28CD5 /* UITextViewLabTests */,
				DC9CDCA32B890F2100D28CD5 /* UITextViewLabUITests */,
				DC9CDC862B890F1F00D28CD5 /* Products */,
			);
			sourceTree = "<group>";
		};
		DC9CDC862B890F1F00D28CD5 /* Products */ = {
			isa = PBXGroup;
			children = (
				DC9CDC852B890F1F00D28CD5 /* UITextViewLab.app */,
				DC9CDC962B890F2100D28CD5 /* UITextViewLabTests.xctest */,
				DC9CDCA02B890F2100D28CD5 /* UITextViewLabUITests.xctest */,
			);
			name = Products;
			sourceTree = "<group>";
		};
		DC9CDC872B890F1F00D28CD5 /* UITextViewLab */ = {
			isa = PBXGroup;
			children = (
				DC9CDC882B890F1F00D28CD5 /* UITextViewLabApp.swift */,
				DC9CDC8A2B890F1F00D28CD5 /* ContentView.swift */,
				DC9CDC8C2B890F2100D28CD5 /* Assets.xcassets */,
				DC9CDC912B890F2100D28CD5 /* UITextViewLab.entitlements */,
				DC9CDC8E2B890F2100D28CD5 /* Preview Content */,
			);
			path = UITextViewLab;
			sourceTree = "<group>";
		};
		DC9CDC8E2B890F2100D28CD5 /* Preview Content */ = {
			isa = PBXGroup;
			children = (
				DC9CDC8F2B890F2100D28CD5 /* Preview Assets.xcassets */,
			);
			path = "Preview Content";
			sourceTree = "<group>";
		};
		DC9CDC992B890F2100D28CD5 /* UITextViewLabTests */ = {
			isa = PBXGroup;
			children = (
				DC9CDC9A2B890F2100D28CD5 /* UITextViewLabTests.swift */,
			);
			path = UITextViewLabTests;
			sourceTree = "<group>";
		};
		DC9CDCA32B890F2100D28CD5 /* UITextViewLabUITests */ = {
			isa = PBXGroup;
			children = (
				DC9CDCA42B890F2100D28CD5 /* UITextViewLabUITests.swift */,
				DC9CDCA62B890F2100D28CD5 /* UITextViewLabUITestsLaunchTests.swift */,
			);
			path = UITextViewLabUITests;
			sourceTree = "<group>";
		};
/* End PBXGroup section */

/* Begin PBXNativeTarget section */
		DC9CDC842B890F1F00D28CD5 /* UITextViewLab */ = {
			isa = PBXNativeTarget;
			buildConfigurationList = DC9CDCAA2B890F2100D28CD5 /* Build configuration list for PBXNativeTarget "UITextViewLab" */;
			buildPhases = (
				DC9CDC812B890F1F00D28CD5 /* Sources */,
				DC9CDC822B890F1F00D28CD5 /* Frameworks */,
				DC9CDC832B890F1F00D28CD5 /* Resources */,
			);
			buildRules = (
			);
			dependencies = (
			);
			name = UITextViewLab;
			productName = UITextViewLab;
			productReference = DC9CDC852B890F1F00D28CD5 /* UITextViewLab.app */;
			productType = "com.apple.product-type.application";
		};
		DC9CDC952B890F2100D28CD5 /* UITextViewLabTests */ = {
			isa = PBXNativeTarget;
			buildConfigurationList = DC9CDCAD2B890F2100D28CD5 /* Build configuration list for PBXNativeTarget "UITextViewLabTests" */;
			buildPhases = (
				DC9CDC922B890F2100D28CD5 /* Sources */,
				DC9CDC932B890F2100D28CD5 /* Frameworks */,
				DC9CDC942B890F2100D28CD5 /* Resources */,
			);
			buildRules = (
			);
			dependencies = (
				DC9CDC982B890F2100D28CD5 /* PBXTargetDependency */,
			);
			name = UITextViewLabTests;
			productName = UITextViewLabTests;
			productReference = DC9CDC962B890F2100D28CD5 /* UITextViewLabTests.xctest */;
			productType = "com.apple.product-type.bundle.unit-test";
		};
		DC9CDC9F2B890F2100D28CD5 /* UITextViewLabUITests */ = {
			isa = PBXNativeTarget;
			buildConfigurationList = DC9CDCB02B890F2100D28CD5 /* Build configuration list for PBXNativeTarget "UITextViewLabUITests" */;
			buildPhases = (
				DC9CDC9C2B890F2100D28CD5 /* Sources */,
				DC9CDC9D2B890F2100D28CD5 /* Frameworks */,
				DC9CDC9E2B890F2100D28CD5 /* Resources */,
			);
			buildRules = (
			);
			dependencies = (
				DC9CDCA22B890F2100D28CD5 /* PBXTargetDependency */,
			);
			name = UITextViewLabUITests;
			productName = UITextViewLabUITests;
			productReference = DC9CDCA02B890F2100D28CD5 /* UITextViewLabUITests.xctest */;
			productType = "com.apple.product-type.bundle.ui-testing";
		};
/* End PBXNativeTarget section */

/* Begin PBXProject section */
		DC9CDC7D2B890F1F00D28CD5 /* Project object */ = {
			isa = PBXProject;
			attributes = {
				BuildIndependentTargetsInParallel = 1;
				LastSwiftUpdateCheck = 1520;
				LastUpgradeCheck = 1520;
				TargetAttributes = {
					DC9CDC842B890F1F00D28CD5 = {
						CreatedOnToolsVersion = 15.2;
					};
					DC9CDC952B890F2100D28CD5 = {
						CreatedOnToolsVersion = 15.2;
						TestTargetID = DC9CDC842B890F1F00D28CD5;
					};
					DC9CDC9F2B890F2100D28CD5 = {
						CreatedOnToolsVersion = 15.2;
						TestTargetID = DC9CDC842B890F1F00D28CD5;
					};
				};
			};
			buildConfigurationList = DC9CDC802B890F1F00D28CD5 /* Build configuration list for PBXProject "UITextViewLab" */;
			compatibilityVersion = "Xcode 14.0";
			developmentRegion = en;
			hasScannedForEncodings = 0;
			knownRegions = (
				en,
				Base,
			);
			mainGroup = DC9CDC7C2B890F1F00D28CD5;
			productRefGroup = DC9CDC862B890F1F00D28CD5 /* Products */;
			projectDirPath = "";
			projectRoot = "";
			targets = (
				DC9CDC842B890F1F00D28CD5 /* UITextViewLab */,
				DC9CDC952B890F2100D28CD5 /* UITextViewLabTests */,
				DC9CDC9F2B890F2100D28CD5 /* UITextViewLabUITests */,
			);
		};
/* End PBXProject section */

/* Begin PBXResourcesBuildPhase section */
		DC9CDC832B890F1F00D28CD5 /* Resources */ = {
			isa = PBXResourcesBuildPhase;
			buildActionMask = 2147483647;
			files = (
				DC9CDC902B890F2100D28CD5 /* Preview Assets.xcassets in Resources */,
				DC9CDC8D2B890F2100D28CD5 /* Assets.xcassets in Resources */,
			);
			runOnlyForDeploymentPostprocessing = 0;
		};
		DC9CDC942B890F2100D28CD5 /* Resources */ = {
			isa = PBXResourcesBuildPhase;
			buildActionMask = 2147483647;
			files = (
			);
			runOnlyForDeploymentPostprocessing = 0;
		};
		DC9CDC9E2B890F2100D28CD5 /* Resources */ = {
			isa = PBXResourcesBuildPhase;
			buildActionMask = 2147483647;
			files = (
			);
			runOnlyForDeploymentPostprocessing = 0;
		};
/* End PBXResourcesBuildPhase section */

/* Begin PBXSourcesBuildPhase section */
		DC9CDC812B890F1F00D28CD5 /* Sources */ = {
			isa = PBXSourcesBuildPhase;
			buildActionMask = 2147483647;
			files = (
				DC9CDC8B2B890F1F00D28CD5 /* ContentView.swift in Sources */,
				DC9CDC892B890F1F00D28CD5 /* UITextViewLabApp.swift in Sources */,
			);
			runOnlyForDeploymentPostprocessing = 0;
		};
		DC9CDC922B890F2100D28CD5 /* Sources */ = {
			isa = PBXSourcesBuildPhase;
			buildActionMask = 2147483647;
			files = (
				DC9CDC9B2B890F2100D28CD5 /* UITextViewLabTests.swift in Sources */,
			);
			runOnlyForDeploymentPostprocessing = 0;
		};
		DC9CDC9C2B890F2100D28CD5 /* Sources */ = {
			isa = PBXSourcesBuildPhase;
			buildActionMask = 2147483647;
			files = (
				DC9CDCA72B890F2100D28CD5 /* UITextViewLabUITestsLaunchTests.swift in Sources */,
				DC9CDCA52B890F2100D28CD5 /* UITextViewLabUITests.swift in Sources */,
			);
			runOnlyForDeploymentPostprocessing = 0;
		};
/* End PBXSourcesBuildPhase section */

/* Begin PBXTargetDependency section */
		DC9CDC982B890F2100D28CD5 /* PBXTargetDependency */ = {
			isa = PBXTargetDependency;
			target = DC9CDC842B890F1F00D28CD5 /* UITextViewLab */;
			targetProxy = DC9CDC972B890F2100D28CD5 /* PBXContainerItemProxy */;
		};
		DC9CDCA22B890F2100D28CD5 /* PBXTargetDependency */ = {
			isa = PBXTargetDependency;
			target = DC9CDC842B890F1F00D28CD5 /* UITextViewLab */;
			targetProxy = DC9CDCA12B890F2100D28CD5 /* PBXContainerItemProxy */;
		};
/* End PBXTargetDependency section */

/* Begin XCBuildConfiguration section */
		DC9CDCA82B890F2100D28CD5 /* Debug */ = {
			isa = XCBuildConfiguration;
			buildSettings = {
				ALWAYS_SEARCH_USER_PATHS = NO;
				ASSETCATALOG_COMPILER_GENERATE_SWIFT_ASSET_SYMBOL_EXTENSIONS = YES;
				CLANG_ANALYZER_NONNULL = YES;
				CLANG_ANALYZER_NUMBER_OBJECT_CONVERSION = YES_AGGRESSIVE;
				CLANG_CXX_LANGUAGE_STANDARD = "gnu++20";
				CLANG_ENABLE_MODULES = YES;
				CLANG_ENABLE_OBJC_ARC = YES;
				CLANG_ENABLE_OBJC_WEAK = YES;
				CLANG_WARN_BLOCK_CAPTURE_AUTORELEASING = YES;
				CLANG_WARN_BOOL_CONVERSION = YES;
				CLANG_WARN_COMMA = YES;
				CLANG_WARN_CONSTANT_CONVERSION = YES;
				CLANG_WARN_DEPRECATED_OBJC_IMPLEMENTATIONS = YES;
				CLANG_WARN_DIRECT_OBJC_ISA_USAGE = YES_ERROR;
				CLANG_WARN_DOCUMENTATION_COMMENTS = YES;
				CLANG_WARN_EMPTY_BODY = YES;
				CLANG_WARN_ENUM_CONVERSION = YES;
				CLANG_WARN_INFINITE_RECURSION = YES;
				CLANG_WARN_INT_CONVERSION = YES;
				CLANG_WARN_NON_LITERAL_NULL_CONVERSION = YES;
				CLANG_WARN_OBJC_IMPLICIT_RETAIN_SELF = YES;
				CLANG_WARN_OBJC_LITERAL_CONVERSION = YES;
				CLANG_WARN_OBJC_ROOT_CLASS = YES_ERROR;
				CLANG_WARN_QUOTED_INCLUDE_IN_FRAMEWORK_HEADER = YES;
				CLANG_WARN_RANGE_LOOP_ANALYSIS = YES;
				CLANG_WARN_STRICT_PROTOTYPES = YES;
				CLANG_WARN_SUSPICIOUS_MOVE = YES;
				CLANG_WARN_UNGUARDED_AVAILABILITY = YES_AGGRESSIVE;
				CLANG_WARN_UNREACHABLE_CODE = YES;
				CLANG_WARN__DUPLICATE_METHOD_MATCH = YES;
				COPY_PHASE_STRIP = NO;
				DEBUG_INFORMATION_FORMAT = dwarf;
				ENABLE_STRICT_OBJC_MSGSEND = YES;
				ENABLE_TESTABILITY = YES;
				ENABLE_USER_SCRIPT_SANDBOXING = YES;
				GCC_C_LANGUAGE_STANDARD = gnu17;
				GCC_DYNAMIC_NO_PIC = NO;
				GCC_NO_COMMON_BLOCKS = YES;
				GCC_OPTIMIZATION_LEVEL = 0;
				GCC_PREPROCESSOR_DEFINITIONS = (
					"DEBUG=1",
					"$(inherited)",
				);
				GCC_WARN_64_TO_32_BIT_CONVERSION = YES;
				GCC_WARN_ABOUT_RETURN_TYPE = YES_ERROR;
				GCC_WARN_UNDECLARED_SELECTOR = YES;
				GCC_WARN_UNINITIALIZED_AUTOS = YES_AGGRESSIVE;
				GCC_WARN_UNUSED_FUNCTION = YES;
				GCC_WARN_UNUSED_VARIABLE = YES;
				LOCALIZATION_PREFERS_STRING_CATALOGS = YES;
				MACOSX_DEPLOYMENT_TARGET = 14.2;
				MTL_ENABLE_DEBUG_INFO = INCLUDE_SOURCE;
				MTL_FAST_MATH = YES;
				ONLY_ACTIVE_ARCH = YES;
				SDKROOT = macosx;
				SWIFT_ACTIVE_COMPILATION_CONDITIONS = "DEBUG $(inherited)";
				SWIFT_OPTIMIZATION_LEVEL = "-Onone";
			};
			name = Debug;
		};
		DC9CDCA92B890F2100D28CD5 /* Release */ = {
			isa = XCBuildConfiguration;
			buildSettings = {
				ALWAYS_SEARCH_USER_PATHS = NO;
				ASSETCATALOG_COMPILER_GENERATE_SWIFT_ASSET_SYMBOL_EXTENSIONS = YES;
				CLANG_ANALYZER_NONNULL = YES;
				CLANG_ANALYZER_NUMBER_OBJECT_CONVERSION = YES_AGGRESSIVE;
				CLANG_CXX_LANGUAGE_STANDARD = "gnu++20";
				CLANG_ENABLE_MODULES = YES;
				CLANG_ENABLE_OBJC_ARC = YES;
				CLANG_ENABLE_OBJC_WEAK = YES;
				CLANG_WARN_BLOCK_CAPTURE_AUTORELEASING = YES;
				CLANG_WARN_BOOL_CONVERSION = YES;
				CLANG_WARN_COMMA = YES;
				CLANG_WARN_CONSTANT_CONVERSION = YES;
				CLANG_WARN_DEPRECATED_OBJC_IMPLEMENTATIONS = YES;
				CLANG_WARN_DIRECT_OBJC_ISA_USAGE = YES_ERROR;
				CLANG_WARN_DOCUMENTATION_COMMENTS = YES;
				CLANG_WARN_EMPTY_BODY = YES;
				CLANG_WARN_ENUM_CONVERSION = YES;
				CLANG_WARN_INFINITE_RECURSION = YES;
				CLANG_WARN_INT_CONVERSION = YES;
				CLANG_WARN_NON_LITERAL_NULL_CONVERSION = YES;
				CLANG_WARN_OBJC_IMPLICIT_RETAIN_SELF = YES;
				CLANG_WARN_OBJC_LITERAL_CONVERSION = YES;
				CLANG_WARN_OBJC_ROOT_CLASS = YES_ERROR;
				CLANG_WARN_QUOTED_INCLUDE_IN_FRAMEWORK_HEADER = YES;
				CLANG_WARN_RANGE_LOOP_ANALYSIS = YES;
				CLANG_WARN_STRICT_PROTOTYPES = YES;
				CLANG_WARN_SUSPICIOUS_MOVE = YES;
				CLANG_WARN_UNGUARDED_AVAILABILITY = YES_AGGRESSIVE;
				CLANG_WARN_UNREACHABLE_CODE = YES;
				CLANG_WARN__DUPLICATE_METHOD_MATCH = YES;
				COPY_PHASE_STRIP = NO;
				DEBUG_INFORMATION_FORMAT = "dwarf-with-dsym";
				ENABLE_NS_ASSERTIONS = NO;
				ENABLE_STRICT_OBJC_MSGSEND = YES;
				ENABLE_USER_SCRIPT_SANDBOXING = YES;
				GCC_C_LANGUAGE_STANDARD = gnu17;
				GCC_NO_COMMON_BLOCKS = YES;
				GCC_WARN_64_TO_32_BIT_CONVERSION = YES;
				GCC_WARN_ABOUT_RETURN_TYPE = YES_ERROR;
				GCC_WARN_UNDECLARED_SELECTOR = YES;
				GCC_WARN_UNINITIALIZED_AUTOS = YES_AGGRESSIVE;
				GCC_WARN_UNUSED_FUNCTION = YES;
				GCC_WARN_UNUSED_VARIABLE = YES;
				LOCALIZATION_PREFERS_STRING_CATALOGS = YES;
				MACOSX_DEPLOYMENT_TARGET = 14.2;
				MTL_ENABLE_DEBUG_INFO = NO;
				MTL_FAST_MATH = YES;
				SDKROOT = macosx;
				SWIFT_COMPILATION_MODE = wholemodule;
			};
			name = Release;
		};
		DC9CDCAB2B890F2100D28CD5 /* Debug */ = {
			isa = XCBuildConfiguration;
			buildSettings = {
				ASSETCATALOG_COMPILER_APPICON_NAME = AppIcon;
				ASSETCATALOG_COMPILER_GLOBAL_ACCENT_COLOR_NAME = AccentColor;
				CODE_SIGN_ENTITLEMENTS = UITextViewLab/UITextViewLab.entitlements;
				CODE_SIGN_STYLE = Automatic;
				COMBINE_HIDPI_IMAGES = YES;
				CURRENT_PROJECT_VERSION = 1;
				DEVELOPMENT_ASSET_PATHS = "\"UITextViewLab/Preview Content\"";
				DEVELOPMENT_TEAM = 4T9AZS63Q3;
				ENABLE_HARDENED_RUNTIME = YES;
				ENABLE_PREVIEWS = YES;
				GENERATE_INFOPLIST_FILE = YES;
				INFOPLIST_KEY_NSHumanReadableCopyright = "";
				LD_RUNPATH_SEARCH_PATHS = (
					"$(inherited)",
					"@executable_path/../Frameworks",
				);
				MARKETING_VERSION = 1.0;
				PRODUCT_BUNDLE_IDENTIFIER = silo.co.UITextViewLab;
				PRODUCT_NAME = "$(TARGET_NAME)";
				SUPPORTED_PLATFORMS = "iphoneos iphonesimulator";
				SUPPORTS_MACCATALYST = NO;
				SWIFT_EMIT_LOC_STRINGS = YES;
				SWIFT_VERSION = 5.0;
				TARGETED_DEVICE_FAMILY = 1;
			};
			name = Debug;
		};
		DC9CDCAC2B890F2100D28CD5 /* Release */ = {
			isa = XCBuildConfiguration;
			buildSettings = {
				ASSETCATALOG_COMPILER_APPICON_NAME = AppIcon;
				ASSETCATALOG_COMPILER_GLOBAL_ACCENT_COLOR_NAME = AccentColor;
				CODE_SIGN_ENTITLEMENTS = UITextViewLab/UITextViewLab.entitlements;
				CODE_SIGN_STYLE = Automatic;
				COMBINE_HIDPI_IMAGES = YES;
				CURRENT_PROJECT_VERSION = 1;
				DEVELOPMENT_ASSET_PATHS = "\"UITextViewLab/Preview Content\"";
				DEVELOPMENT_TEAM = 4T9AZS63Q3;
				ENABLE_HARDENED_RUNTIME = YES;
				ENABLE_PREVIEWS = YES;
				GENERATE_INFOPLIST_FILE = YES;
				INFOPLIST_KEY_NSHumanReadableCopyright = "";
				LD_RUNPATH_SEARCH_PATHS = (
					"$(inherited)",
					"@executable_path/../Frameworks",
				);
				MARKETING_VERSION = 1.0;
				PRODUCT_BUNDLE_IDENTIFIER = silo.co.UITextViewLab;
				PRODUCT_NAME = "$(TARGET_NAME)";
				SUPPORTED_PLATFORMS = "iphoneos iphonesimulator";
				SUPPORTS_MACCATALYST = NO;
				SWIFT_EMIT_LOC_STRINGS = YES;
				SWIFT_VERSION = 5.0;
				TARGETED_DEVICE_FAMILY = 1;
			};
			name = Release;
		};
		DC9CDCAE2B890F2100D28CD5 /* Debug */ = {
			isa = XCBuildConfiguration;
			buildSettings = {
				ALWAYS_EMBED_SWIFT_STANDARD_LIBRARIES = YES;
				BUNDLE_LOADER = "$(TEST_HOST)";
				CODE_SIGN_STYLE = Automatic;
				CURRENT_PROJECT_VERSION = 1;
				DEVELOPMENT_TEAM = 4T9AZS63Q3;
				GENERATE_INFOPLIST_FILE = YES;
				MACOSX_DEPLOYMENT_TARGET = 14.2;
				MARKETING_VERSION = 1.0;
				PRODUCT_BUNDLE_IDENTIFIER = silo.co.UITextViewLabTests;
				PRODUCT_NAME = "$(TARGET_NAME)";
				SWIFT_EMIT_LOC_STRINGS = NO;
				SWIFT_VERSION = 5.0;
				TEST_HOST = "$(BUILT_PRODUCTS_DIR)/UITextViewLab.app/$(BUNDLE_EXECUTABLE_FOLDER_PATH)/UITextViewLab";
			};
			name = Debug;
		};
		DC9CDCAF2B890F2100D28CD5 /* Release */ = {
			isa = XCBuildConfiguration;
			buildSettings = {
				ALWAYS_EMBED_SWIFT_STANDARD_LIBRARIES = YES;
				BUNDLE_LOADER = "$(TEST_HOST)";
				CODE_SIGN_STYLE = Automatic;
				CURRENT_PROJECT_VERSION = 1;
				DEVELOPMENT_TEAM = 4T9AZS63Q3;
				GENERATE_INFOPLIST_FILE = YES;
				MACOSX_DEPLOYMENT_TARGET = 14.2;
				MARKETING_VERSION = 1.0;
				PRODUCT_BUNDLE_IDENTIFIER = silo.co.UITextViewLabTests;
				PRODUCT_NAME = "$(TARGET_NAME)";
				SWIFT_EMIT_LOC_STRINGS = NO;
				SWIFT_VERSION = 5.0;
				TEST_HOST = "$(BUILT_PRODUCTS_DIR)/UITextViewLab.app/$(BUNDLE_EXECUTABLE_FOLDER_PATH)/UITextViewLab";
			};
			name = Release;
		};
		DC9CDCB12B890F2100D28CD5 /* Debug */ = {
			isa = XCBuildConfiguration;
			buildSettings = {
				ALWAYS_EMBED_SWIFT_STANDARD_LIBRARIES = YES;
				CODE_SIGN_STYLE = Automatic;
				CURRENT_PROJECT_VERSION = 1;
				DEVELOPMENT_TEAM = 4T9AZS63Q3;
				GENERATE_INFOPLIST_FILE = YES;
				MARKETING_VERSION = 1.0;
				PRODUCT_BUNDLE_IDENTIFIER = silo.co.UITextViewLabUITests;
				PRODUCT_NAME = "$(TARGET_NAME)";
				SWIFT_EMIT_LOC_STRINGS = NO;
				SWIFT_VERSION = 5.0;
				TEST_TARGET_NAME = UITextViewLab;
			};
			name = Debug;
		};
		DC9CDCB22B890F2100D28CD5 /* Release */ = {
			isa = XCBuildConfiguration;
			buildSettings = {
				ALWAYS_EMBED_SWIFT_STANDARD_LIBRARIES = YES;
				CODE_SIGN_STYLE = Automatic;
				CURRENT_PROJECT_VERSION = 1;
				DEVELOPMENT_TEAM = 4T9AZS63Q3;
				GENERATE_INFOPLIST_FILE = YES;
				MARKETING_VERSION = 1.0;
				PRODUCT_BUNDLE_IDENTIFIER = silo.co.UITextViewLabUITests;
				PRODUCT_NAME = "$(TARGET_NAME)";
				SWIFT_EMIT_LOC_STRINGS = NO;
				SWIFT_VERSION = 5.0;
				TEST_TARGET_NAME = UITextViewLab;
			};
			name = Release;
		};
/* End XCBuildConfiguration section */

/* Begin XCConfigurationList section */
		DC9CDC802B890F1F00D28CD5 /* Build configuration list for PBXProject "UITextViewLab" */ = {
			isa = XCConfigurationList;
			buildConfigurations = (
				DC9CDCA82B890F2100D28CD5 /* Debug */,
				DC9CDCA92B890F2100D28CD5 /* Release */,
			);
			defaultConfigurationIsVisible = 0;
			defaultConfigurationName = Release;
		};
		DC9CDCAA2B890F2100D28CD5 /* Build configuration list for PBXNativeTarget "UITextViewLab" */ = {
			isa = XCConfigurationList;
			buildConfigurations = (
				DC9CDCAB2B890F2100D28CD5 /* Debug */,
				DC9CDCAC2B890F2100D28CD5 /* Release */,
			);
			defaultConfigurationIsVisible = 0;
			defaultConfigurationName = Release;
		};
		DC9CDCAD2B890F2100D28CD5 /* Build configuration list for PBXNativeTarget "UITextViewLabTests" */ = {
			isa = XCConfigurationList;
			buildConfigurations = (
				DC9CDCAE2B890F2100D28CD5 /* Debug */,
				DC9CDCAF2B890F2100D28CD5 /* Release */,
			);
			defaultConfigurationIsVisible = 0;
			defaultConfigurationName = Release;
		};
		DC9CDCB02B890F2100D28CD5 /* Build configuration list for PBXNativeTarget "UITextViewLabUITests" */ = {
			isa = XCConfigurationList;
			buildConfigurations = (
				DC9CDCB12B890F2100D28CD5 /* Debug */,
				DC9CDCB22B890F2100D28CD5 /* Release */,
			);
			defaultConfigurationIsVisible = 0;
			defaultConfigurationName = Release;
		};
/* End XCConfigurationList section */
	};
	rootObject = DC9CDC7D2B890F1F00D28CD5 /* Project object */;
}
