// !$*UTF8*$!
{
	archiveVersion = 1;
	classes = {
	};
	objectVersion = 55;
	objects = {

/* Begin PBXBuildFile section */
		DC1FED67283C453700164ABF /* TsavoNationalParkApp.swift in Sources */ = {isa = PBXBuildFile; fileRef = DC1FED66283C453700164ABF /* TsavoNationalParkApp.swift */; };
		DC1FED69283C453700164ABF /* ContentView.swift in Sources */ = {isa = PBXBuildFile; fileRef = DC1FED68283C453700164ABF /* ContentView.swift */; };
		DC1FED6B283C454400164ABF /* Assets.xcassets in Resources */ = {isa = PBXBuildFile; fileRef = DC1FED6A283C454400164ABF /* Assets.xcassets */; };
		DC1FED6E283C454400164ABF /* Preview Assets.xcassets in Resources */ = {isa = PBXBuildFile; fileRef = DC1FED6D283C454400164ABF /* Preview Assets.xcassets */; };
		DC8100B4283DC89000E1B604 /* SplashScreenView.swift in Sources */ = {isa = PBXBuildFile; fileRef = DC8100B3283DC89000E1B604 /* SplashScreenView.swift */; };
		DCBA7270284769BB008C8CE8 /* DashboardView.swift in Sources */ = {isa = PBXBuildFile; fileRef = DCBA726F284769BB008C8CE8 /* DashboardView.swift */; };
		DCCB31A428BC961A0085F34A /* SignupViewModel.swift in Sources */ = {isa = PBXBuildFile; fileRef = DCCB31A328BC961A0085F34A /* SignupViewModel.swift */; };
		DCCB31A628BC96980085F34A /* SignupForm.swift in Sources */ = {isa = PBXBuildFile; fileRef = DCCB31A528BC96980085F34A /* SignupForm.swift */; };
		DCF969F1283DCF44005863BB /* CustomViewModifiers.swift in Sources */ = {isa = PBXBuildFile; fileRef = DCF969F0283DCF44005863BB /* CustomViewModifiers.swift */; };
		DCF969F3283DD1FC005863BB /* View+.swift in Sources */ = {isa = PBXBuildFile; fileRef = DCF969F2283DD1FC005863BB /* View+.swift */; };
/* End PBXBuildFile section */

/* Begin PBXFileReference section */
		DC1FED63283C453700164ABF /* Tsavo National Park.app */ = {isa = PBXFileReference; explicitFileType = wrapper.application; includeInIndex = 0; path = "Tsavo National Park.app"; sourceTree = BUILT_PRODUCTS_DIR; };
		DC1FED66283C453700164ABF /* TsavoNationalParkApp.swift */ = {isa = PBXFileReference; lastKnownFileType = sourcecode.swift; path = TsavoNationalParkApp.swift; sourceTree = "<group>"; };
		DC1FED68283C453700164ABF /* ContentView.swift */ = {isa = PBXFileReference; lastKnownFileType = sourcecode.swift; path = ContentView.swift; sourceTree = "<group>"; };
		DC1FED6A283C454400164ABF /* Assets.xcassets */ = {isa = PBXFileReference; lastKnownFileType = folder.assetcatalog; path = Assets.xcassets; sourceTree = "<group>"; };
		DC1FED6D283C454400164ABF /* Preview Assets.xcassets */ = {isa = PBXFileReference; lastKnownFileType = folder.assetcatalog; path = "Preview Assets.xcassets"; sourceTree = "<group>"; };
		DC8100B3283DC89000E1B604 /* SplashScreenView.swift */ = {isa = PBXFileReference; lastKnownFileType = sourcecode.swift; path = SplashScreenView.swift; sourceTree = "<group>"; };
		DCBA726F284769BB008C8CE8 /* DashboardView.swift */ = {isa = PBXFileReference; lastKnownFileType = sourcecode.swift; path = DashboardView.swift; sourceTree = "<group>"; };
		DCCB31A328BC961A0085F34A /* SignupViewModel.swift */ = {isa = PBXFileReference; lastKnownFileType = sourcecode.swift; path = SignupViewModel.swift; sourceTree = "<group>"; };
		DCCB31A528BC96980085F34A /* SignupForm.swift */ = {isa = PBXFileReference; lastKnownFileType = sourcecode.swift; path = SignupForm.swift; sourceTree = "<group>"; };
		DCF969F0283DCF44005863BB /* CustomViewModifiers.swift */ = {isa = PBXFileReference; lastKnownFileType = sourcecode.swift; path = CustomViewModifiers.swift; sourceTree = "<group>"; };
		DCF969F2283DD1FC005863BB /* View+.swift */ = {isa = PBXFileReference; lastKnownFileType = sourcecode.swift; path = "View+.swift"; sourceTree = "<group>"; };
/* End PBXFileReference section */

/* Begin PBXFrameworksBuildPhase section */
		DC1FED60283C453700164ABF /* Frameworks */ = {
			isa = PBXFrameworksBuildPhase;
			buildActionMask = 2147483647;
			files = (
			);
			runOnlyForDeploymentPostprocessing = 0;
		};
/* End PBXFrameworksBuildPhase section */

/* Begin PBXGroup section */
		DC1FED5A283C453700164ABF = {
			isa = PBXGroup;
			children = (
				DC1FED65283C453700164ABF /* TsavoNationalPark */,
				DC1FED64283C453700164ABF /* Products */,
			);
			sourceTree = "<group>";
		};
		DC1FED64283C453700164ABF /* Products */ = {
			isa = PBXGroup;
			children = (
				DC1FED63283C453700164ABF /* Tsavo National Park.app */,
			);
			name = Products;
			sourceTree = "<group>";
		};
		DC1FED65283C453700164ABF /* TsavoNationalPark */ = {
			isa = PBXGroup;
			children = (
				DCCB31A228BC95FD0085F34A /* viewModel */,
				DCF969F5283DD27D005863BB /* ui */,
				DCF969F4283DD205005863BB /* extensions */,
				DCF969EF283DCEF5005863BB /* styles */,
				DC1FED66283C453700164ABF /* TsavoNationalParkApp.swift */,
				DC1FED68283C453700164ABF /* ContentView.swift */,
				DC1FED6A283C454400164ABF /* Assets.xcassets */,
				DC1FED6C283C454400164ABF /* Preview Content */,
			);
			path = TsavoNationalPark;
			sourceTree = "<group>";
		};
		DC1FED6C283C454400164ABF /* Preview Content */ = {
			isa = PBXGroup;
			children = (
				DC1FED6D283C454400164ABF /* Preview Assets.xcassets */,
			);
			path = "Preview Content";
			sourceTree = "<group>";
		};
		DCCB31A228BC95FD0085F34A /* viewModel */ = {
			isa = PBXGroup;
			children = (
				DCCB31A328BC961A0085F34A /* SignupViewModel.swift */,
			);
			path = viewModel;
			sourceTree = "<group>";
		};
		DCF969EF283DCEF5005863BB /* styles */ = {
			isa = PBXGroup;
			children = (
				DCF969F0283DCF44005863BB /* CustomViewModifiers.swift */,
			);
			path = styles;
			sourceTree = "<group>";
		};
		DCF969F4283DD205005863BB /* extensions */ = {
			isa = PBXGroup;
			children = (
				DCF969F2283DD1FC005863BB /* View+.swift */,
			);
			path = extensions;
			sourceTree = "<group>";
		};
		DCF969F5283DD27D005863BB /* ui */ = {
			isa = PBXGroup;
			children = (
				DC8100B3283DC89000E1B604 /* SplashScreenView.swift */,
				DCBA726F284769BB008C8CE8 /* DashboardView.swift */,
				DCCB31A528BC96980085F34A /* SignupForm.swift */,
			);
			path = ui;
			sourceTree = "<group>";
		};
/* End PBXGroup section */

/* Begin PBXNativeTarget section */
		DC1FED62283C453700164ABF /* TsavoNationalPark */ = {
			isa = PBXNativeTarget;
			buildConfigurationList = DC1FED71283C454400164ABF /* Build configuration list for PBXNativeTarget "TsavoNationalPark" */;
			buildPhases = (
				DC1FED5F283C453700164ABF /* Sources */,
				DC1FED60283C453700164ABF /* Frameworks */,
				DC1FED61283C453700164ABF /* Resources */,
			);
			buildRules = (
			);
			dependencies = (
			);
			name = TsavoNationalPark;
			productName = TsavoNationalPark;
			productReference = DC1FED63283C453700164ABF /* Tsavo National Park.app */;
			productType = "com.apple.product-type.application";
		};
/* End PBXNativeTarget section */

/* Begin PBXProject section */
		DC1FED5B283C453700164ABF /* Project object */ = {
			isa = PBXProject;
			attributes = {
				BuildIndependentTargetsInParallel = 1;
				LastSwiftUpdateCheck = 1340;
				LastUpgradeCheck = 1340;
				TargetAttributes = {
					DC1FED62283C453700164ABF = {
						CreatedOnToolsVersion = 13.4;
					};
				};
			};
			buildConfigurationList = DC1FED5E283C453700164ABF /* Build configuration list for PBXProject "TsavoNationalPark" */;
			compatibilityVersion = "Xcode 13.0";
			developmentRegion = en;
			hasScannedForEncodings = 0;
			knownRegions = (
				en,
				Base,
			);
			mainGroup = DC1FED5A283C453700164ABF;
			productRefGroup = DC1FED64283C453700164ABF /* Products */;
			projectDirPath = "";
			projectRoot = "";
			targets = (
				DC1FED62283C453700164ABF /* TsavoNationalPark */,
			);
		};
/* End PBXProject section */

/* Begin PBXResourcesBuildPhase section */
		DC1FED61283C453700164ABF /* Resources */ = {
			isa = PBXResourcesBuildPhase;
			buildActionMask = 2147483647;
			files = (
				DC1FED6E283C454400164ABF /* Preview Assets.xcassets in Resources */,
				DC1FED6B283C454400164ABF /* Assets.xcassets in Resources */,
			);
			runOnlyForDeploymentPostprocessing = 0;
		};
/* End PBXResourcesBuildPhase section */

/* Begin PBXSourcesBuildPhase section */
		DC1FED5F283C453700164ABF /* Sources */ = {
			isa = PBXSourcesBuildPhase;
			buildActionMask = 2147483647;
			files = (
				DCF969F1283DCF44005863BB /* CustomViewModifiers.swift in Sources */,
				DCBA7270284769BB008C8CE8 /* DashboardView.swift in Sources */,
				DC1FED69283C453700164ABF /* ContentView.swift in Sources */,
				DC1FED67283C453700164ABF /* TsavoNationalParkApp.swift in Sources */,
				DCF969F3283DD1FC005863BB /* View+.swift in Sources */,
				DCCB31A628BC96980085F34A /* SignupForm.swift in Sources */,
				DCCB31A428BC961A0085F34A /* SignupViewModel.swift in Sources */,
				DC8100B4283DC89000E1B604 /* SplashScreenView.swift in Sources */,
			);
			runOnlyForDeploymentPostprocessing = 0;
		};
/* End PBXSourcesBuildPhase section */

/* Begin XCBuildConfiguration section */
		DC1FED6F283C454400164ABF /* Debug */ = {
			isa = XCBuildConfiguration;
			buildSettings = {
				ALWAYS_SEARCH_USER_PATHS = NO;
				CLANG_ANALYZER_NONNULL = YES;
				CLANG_ANALYZER_NUMBER_OBJECT_CONVERSION = YES_AGGRESSIVE;
				CLANG_CXX_LANGUAGE_STANDARD = "gnu++17";
				CLANG_ENABLE_MODULES = YES;
				CLANG_ENABLE_OBJC_ARC = YES;
				CLANG_ENABLE_OBJC_WEAK = YES;
				CLANG_WARN_BLOCK_CAPTURE_AUTORELEASING = YES;
				CLANG_WARN_BOOL_CONVERSION = YES;
				CLANG_WARN_COMMA = YES;
				CLANG_WARN_CONSTANT_CONVERSION = YES;
				CLANG_WARN_DEPRECATED_OBJC_IMPLEMENTATIONS = YES;
				CLANG_WARN_DIRECT_OBJC_ISA_USAGE = YES_ERROR;
				CLANG_WARN_DOCUMENTATION_COMMENTS = YES;
				CLANG_WARN_EMPTY_BODY = YES;
				CLANG_WARN_ENUM_CONVERSION = YES;
				CLANG_WARN_INFINITE_RECURSION = YES;
				CLANG_WARN_INT_CONVERSION = YES;
				CLANG_WARN_NON_LITERAL_NULL_CONVERSION = YES;
				CLANG_WARN_OBJC_IMPLICIT_RETAIN_SELF = YES;
				CLANG_WARN_OBJC_LITERAL_CONVERSION = YES;
				CLANG_WARN_OBJC_ROOT_CLASS = YES_ERROR;
				CLANG_WARN_QUOTED_INCLUDE_IN_FRAMEWORK_HEADER = YES;
				CLANG_WARN_RANGE_LOOP_ANALYSIS = YES;
				CLANG_WARN_STRICT_PROTOTYPES = YES;
				CLANG_WARN_SUSPICIOUS_MOVE = YES;
				CLANG_WARN_UNGUARDED_AVAILABILITY = YES_AGGRESSIVE;
				CLANG_WARN_UNREACHABLE_CODE = YES;
				CLANG_WARN__DUPLICATE_METHOD_MATCH = YES;
				COPY_PHASE_STRIP = NO;
				DEBUG_INFORMATION_FORMAT = dwarf;
				ENABLE_STRICT_OBJC_MSGSEND = YES;
				ENABLE_TESTABILITY = YES;
				GCC_C_LANGUAGE_STANDARD = gnu11;
				GCC_DYNAMIC_NO_PIC = NO;
				GCC_NO_COMMON_BLOCKS = YES;
				GCC_OPTIMIZATION_LEVEL = 0;
				GCC_PREPROCESSOR_DEFINITIONS = (
					"DEBUG=1",
					"$(inherited)",
				);
				GCC_WARN_64_TO_32_BIT_CONVERSION = YES;
				GCC_WARN_ABOUT_RETURN_TYPE = YES_ERROR;
				GCC_WARN_UNDECLARED_SELECTOR = YES;
				GCC_WARN_UNINITIALIZED_AUTOS = YES_AGGRESSIVE;
				GCC_WARN_UNUSED_FUNCTION = YES;
				GCC_WARN_UNUSED_VARIABLE = YES;
				IPHONEOS_DEPLOYMENT_TARGET = 15.5;
				MTL_ENABLE_DEBUG_INFO = INCLUDE_SOURCE;
				MTL_FAST_MATH = YES;
				ONLY_ACTIVE_ARCH = YES;
				SDKROOT = iphoneos;
				SWIFT_ACTIVE_COMPILATION_CONDITIONS = DEBUG;
				SWIFT_OPTIMIZATION_LEVEL = "-Onone";
			};
			name = Debug;
		};
		DC1FED70283C454400164ABF /* Release */ = {
			isa = XCBuildConfiguration;
			buildSettings = {
				ALWAYS_SEARCH_USER_PATHS = NO;
				CLANG_ANALYZER_NONNULL = YES;
				CLANG_ANALYZER_NUMBER_OBJECT_CONVERSION = YES_AGGRESSIVE;
				CLANG_CXX_LANGUAGE_STANDARD = "gnu++17";
				CLANG_ENABLE_MODULES = YES;
				CLANG_ENABLE_OBJC_ARC = YES;
				CLANG_ENABLE_OBJC_WEAK = YES;
				CLANG_WARN_BLOCK_CAPTURE_AUTORELEASING = YES;
				CLANG_WARN_BOOL_CONVERSION = YES;
				CLANG_WARN_COMMA = YES;
				CLANG_WARN_CONSTANT_CONVERSION = YES;
				CLANG_WARN_DEPRECATED_OBJC_IMPLEMENTATIONS = YES;
				CLANG_WARN_DIRECT_OBJC_ISA_USAGE = YES_ERROR;
				CLANG_WARN_DOCUMENTATION_COMMENTS = YES;
				CLANG_WARN_EMPTY_BODY = YES;
				CLANG_WARN_ENUM_CONVERSION = YES;
				CLANG_WARN_INFINITE_RECURSION = YES;
				CLANG_WARN_INT_CONVERSION = YES;
				CLANG_WARN_NON_LITERAL_NULL_CONVERSION = YES;
				CLANG_WARN_OBJC_IMPLICIT_RETAIN_SELF = YES;
				CLANG_WARN_OBJC_LITERAL_CONVERSION = YES;
				CLANG_WARN_OBJC_ROOT_CLASS = YES_ERROR;
				CLANG_WARN_QUOTED_INCLUDE_IN_FRAMEWORK_HEADER = YES;
				CLANG_WARN_RANGE_LOOP_ANALYSIS = YES;
				CLANG_WARN_STRICT_PROTOTYPES = YES;
				CLANG_WARN_SUSPICIOUS_MOVE = YES;
				CLANG_WARN_UNGUARDED_AVAILABILITY = YES_AGGRESSIVE;
				CLANG_WARN_UNREACHABLE_CODE = YES;
				CLANG_WARN__DUPLICATE_METHOD_MATCH = YES;
				COPY_PHASE_STRIP = NO;
				DEBUG_INFORMATION_FORMAT = "dwarf-with-dsym";
				ENABLE_NS_ASSERTIONS = NO;
				ENABLE_STRICT_OBJC_MSGSEND = YES;
				GCC_C_LANGUAGE_STANDARD = gnu11;
				GCC_NO_COMMON_BLOCKS = YES;
				GCC_WARN_64_TO_32_BIT_CONVERSION = YES;
				GCC_WARN_ABOUT_RETURN_TYPE = YES_ERROR;
				GCC_WARN_UNDECLARED_SELECTOR = YES;
				GCC_WARN_UNINITIALIZED_AUTOS = YES_AGGRESSIVE;
				GCC_WARN_UNUSED_FUNCTION = YES;
				GCC_WARN_UNUSED_VARIABLE = YES;
				IPHONEOS_DEPLOYMENT_TARGET = 15.5;
				MTL_ENABLE_DEBUG_INFO = NO;
				MTL_FAST_MATH = YES;
				SDKROOT = iphoneos;
				SWIFT_COMPILATION_MODE = wholemodule;
				SWIFT_OPTIMIZATION_LEVEL = "-O";
				VALIDATE_PRODUCT = YES;
			};
			name = Release;
		};
		DC1FED72283C454400164ABF /* Debug */ = {
			isa = XCBuildConfiguration;
			buildSettings = {
				ASSETCATALOG_COMPILER_APPICON_NAME = AppIcon;
				ASSETCATALOG_COMPILER_GLOBAL_ACCENT_COLOR_NAME = AccentColor;
				CODE_SIGN_STYLE = Automatic;
				CURRENT_PROJECT_VERSION = 1;
				DEVELOPMENT_ASSET_PATHS = "\"TsavoNationalPark/Preview Content\"";
				ENABLE_PREVIEWS = YES;
				GENERATE_INFOPLIST_FILE = YES;
				INFOPLIST_KEY_UIApplicationSceneManifest_Generation = YES;
				INFOPLIST_KEY_UIApplicationSupportsIndirectInputEvents = YES;
				INFOPLIST_KEY_UILaunchScreen_Generation = YES;
				INFOPLIST_KEY_UISupportedInterfaceOrientations_iPad = "UIInterfaceOrientationPortrait UIInterfaceOrientationPortraitUpsideDown UIInterfaceOrientationLandscapeLeft UIInterfaceOrientationLandscapeRight";
				INFOPLIST_KEY_UISupportedInterfaceOrientations_iPhone = "UIInterfaceOrientationPortrait UIInterfaceOrientationLandscapeLeft UIInterfaceOrientationLandscapeRight";
				LD_RUNPATH_SEARCH_PATHS = (
					"$(inherited)",
					"@executable_path/Frameworks",
				);
				MARKETING_VERSION = 1.0;
				PRODUCT_BUNDLE_IDENTIFIER = samuelowino.TsavoNationalPark;
				PRODUCT_NAME = "Tsavo National Park";
				SWIFT_EMIT_LOC_STRINGS = YES;
				SWIFT_VERSION = 5.0;
				TARGETED_DEVICE_FAMILY = "1,2";
			};
			name = Debug;
		};
		DC1FED73283C454400164ABF /* Release */ = {
			isa = XCBuildConfiguration;
			buildSettings = {
				ASSETCATALOG_COMPILER_APPICON_NAME = AppIcon;
				ASSETCATALOG_COMPILER_GLOBAL_ACCENT_COLOR_NAME = AccentColor;
				CODE_SIGN_STYLE = Automatic;
				CURRENT_PROJECT_VERSION = 1;
				DEVELOPMENT_ASSET_PATHS = "\"TsavoNationalPark/Preview Content\"";
				ENABLE_PREVIEWS = YES;
				GENERATE_INFOPLIST_FILE = YES;
				INFOPLIST_KEY_UIApplicationSceneManifest_Generation = YES;
				INFOPLIST_KEY_UIApplicationSupportsIndirectInputEvents = YES;
				INFOPLIST_KEY_UILaunchScreen_Generation = YES;
				INFOPLIST_KEY_UISupportedInterfaceOrientations_iPad = "UIInterfaceOrientationPortrait UIInterfaceOrientationPortraitUpsideDown UIInterfaceOrientationLandscapeLeft UIInterfaceOrientationLandscapeRight";
				INFOPLIST_KEY_UISupportedInterfaceOrientations_iPhone = "UIInterfaceOrientationPortrait UIInterfaceOrientationLandscapeLeft UIInterfaceOrientationLandscapeRight";
				LD_RUNPATH_SEARCH_PATHS = (
					"$(inherited)",
					"@executable_path/Frameworks",
				);
				MARKETING_VERSION = 1.0;
				PRODUCT_BUNDLE_IDENTIFIER = samuelowino.TsavoNationalPark;
				PRODUCT_NAME = "Tsavo National Park";
				SWIFT_EMIT_LOC_STRINGS = YES;
				SWIFT_VERSION = 5.0;
				TARGETED_DEVICE_FAMILY = "1,2";
			};
			name = Release;
		};
/* End XCBuildConfiguration section */

/* Begin XCConfigurationList section */
		DC1FED5E283C453700164ABF /* Build configuration list for PBXProject "TsavoNationalPark" */ = {
			isa = XCConfigurationList;
			buildConfigurations = (
				DC1FED6F283C454400164ABF /* Debug */,
				DC1FED70283C454400164ABF /* Release */,
			);
			defaultConfigurationIsVisible = 0;
			defaultConfigurationName = Release;
		};
		DC1FED71283C454400164ABF /* Build configuration list for PBXNativeTarget "TsavoNationalPark" */ = {
			isa = XCConfigurationList;
			buildConfigurations = (
				DC1FED72283C454400164ABF /* Debug */,
				DC1FED73283C454400164ABF /* Release */,
			);
			defaultConfigurationIsVisible = 0;
			defaultConfigurationName = Release;
		};
/* End XCConfigurationList section */
	};
	rootObject = DC1FED5B283C453700164ABF /* Project object */;
}
