// !$*UTF8*$!
{
	archiveVersion = 1;
	classes = {
	};
	objectVersion = 56;
	objects = {

/* Begin PBXBuildFile section */
		DC63603F29164A0F00D536FD /* CombineCustomPubSubApp.swift in Sources */ = {isa = PBXBuildFile; fileRef = DC63603E29164A0F00D536FD /* CombineCustomPubSubApp.swift */; };
		DC63604129164A0F00D536FD /* ContentView.swift in Sources */ = {isa = PBXBuildFile; fileRef = DC63604029164A0F00D536FD /* ContentView.swift */; };
		DC63604329164A1500D536FD /* Assets.xcassets in Resources */ = {isa = PBXBuildFile; fileRef = DC63604229164A1500D536FD /* Assets.xcassets */; };
		DC63604629164A1500D536FD /* Preview Assets.xcassets in Resources */ = {isa = PBXBuildFile; fileRef = DC63604529164A1500D536FD /* Preview Assets.xcassets */; };
		DC63604F29164A9100D536FD /* Fruit.swift in Sources */ = {isa = PBXBuildFile; fileRef = DC63604E29164A9100D536FD /* Fruit.swift */; };
		DC63605129164B2700D536FD /* FruitDeliveryError.swift in Sources */ = {isa = PBXBuildFile; fileRef = DC63605029164B2700D536FD /* FruitDeliveryError.swift */; };
		DC63605329164BE900D536FD /* FruitsSubscription.swift in Sources */ = {isa = PBXBuildFile; fileRef = DC63605229164BE900D536FD /* FruitsSubscription.swift */; };
		DC636055291655FD00D536FD /* FruitsViewModel.swift in Sources */ = {isa = PBXBuildFile; fileRef = DC636054291655FD00D536FD /* FruitsViewModel.swift */; };
		DC6360572916563A00D536FD /* FruitsRepository.swift in Sources */ = {isa = PBXBuildFile; fileRef = DC6360562916563A00D536FD /* FruitsRepository.swift */; };
/* End PBXBuildFile section */

/* Begin PBXFileReference section */
		DC63603B29164A0F00D536FD /* CombineCustomPubSub.app */ = {isa = PBXFileReference; explicitFileType = wrapper.application; includeInIndex = 0; path = CombineCustomPubSub.app; sourceTree = BUILT_PRODUCTS_DIR; };
		DC63603E29164A0F00D536FD /* CombineCustomPubSubApp.swift */ = {isa = PBXFileReference; lastKnownFileType = sourcecode.swift; path = CombineCustomPubSubApp.swift; sourceTree = "<group>"; };
		DC63604029164A0F00D536FD /* ContentView.swift */ = {isa = PBXFileReference; lastKnownFileType = sourcecode.swift; path = ContentView.swift; sourceTree = "<group>"; };
		DC63604229164A1500D536FD /* Assets.xcassets */ = {isa = PBXFileReference; lastKnownFileType = folder.assetcatalog; path = Assets.xcassets; sourceTree = "<group>"; };
		DC63604529164A1500D536FD /* Preview Assets.xcassets */ = {isa = PBXFileReference; lastKnownFileType = folder.assetcatalog; path = "Preview Assets.xcassets"; sourceTree = "<group>"; };
		DC63604E29164A9100D536FD /* Fruit.swift */ = {isa = PBXFileReference; lastKnownFileType = sourcecode.swift; path = Fruit.swift; sourceTree = "<group>"; };
		DC63605029164B2700D536FD /* FruitDeliveryError.swift */ = {isa = PBXFileReference; lastKnownFileType = sourcecode.swift; path = FruitDeliveryError.swift; sourceTree = "<group>"; };
		DC63605229164BE900D536FD /* FruitsSubscription.swift */ = {isa = PBXFileReference; lastKnownFileType = sourcecode.swift; path = FruitsSubscription.swift; sourceTree = "<group>"; };
		DC636054291655FD00D536FD /* FruitsViewModel.swift */ = {isa = PBXFileReference; lastKnownFileType = sourcecode.swift; path = FruitsViewModel.swift; sourceTree = "<group>"; };
		DC6360562916563A00D536FD /* FruitsRepository.swift */ = {isa = PBXFileReference; lastKnownFileType = sourcecode.swift; path = FruitsRepository.swift; sourceTree = "<group>"; };
/* End PBXFileReference section */

/* Begin PBXFrameworksBuildPhase section */
		DC63603829164A0F00D536FD /* Frameworks */ = {
			isa = PBXFrameworksBuildPhase;
			buildActionMask = 2147483647;
			files = (
			);
			runOnlyForDeploymentPostprocessing = 0;
		};
/* End PBXFrameworksBuildPhase section */

/* Begin PBXGroup section */
		DC63603229164A0F00D536FD = {
			isa = PBXGroup;
			children = (
				DC63603D29164A0F00D536FD /* CombineCustomPubSub */,
				DC63603C29164A0F00D536FD /* Products */,
			);
			sourceTree = "<group>";
		};
		DC63603C29164A0F00D536FD /* Products */ = {
			isa = PBXGroup;
			children = (
				DC63603B29164A0F00D536FD /* CombineCustomPubSub.app */,
			);
			name = Products;
			sourceTree = "<group>";
		};
		DC63603D29164A0F00D536FD /* CombineCustomPubSub */ = {
			isa = PBXGroup;
			children = (
				DC63605D29165BC700D536FD /* views */,
				DC63605C29165BAD00D536FD /* repository */,
				DC63605B29165BA300D536FD /* model */,
				DC63605A29165B9500D536FD /* viewModel */,
				DC63605929165B8300D536FD /* errors */,
				DC63605829165B6B00D536FD /* combine */,
				DC63603E29164A0F00D536FD /* CombineCustomPubSubApp.swift */,
				DC63604029164A0F00D536FD /* ContentView.swift */,
				DC63604229164A1500D536FD /* Assets.xcassets */,
				DC63604429164A1500D536FD /* Preview Content */,
			);
			path = CombineCustomPubSub;
			sourceTree = "<group>";
		};
		DC63604429164A1500D536FD /* Preview Content */ = {
			isa = PBXGroup;
			children = (
				DC63604529164A1500D536FD /* Preview Assets.xcassets */,
			);
			path = "Preview Content";
			sourceTree = "<group>";
		};
		DC63605829165B6B00D536FD /* combine */ = {
			isa = PBXGroup;
			children = (
				DC63605229164BE900D536FD /* FruitsSubscription.swift */,
			);
			path = combine;
			sourceTree = "<group>";
		};
		DC63605929165B8300D536FD /* errors */ = {
			isa = PBXGroup;
			children = (
				DC63605029164B2700D536FD /* FruitDeliveryError.swift */,
			);
			path = errors;
			sourceTree = "<group>";
		};
		DC63605A29165B9500D536FD /* viewModel */ = {
			isa = PBXGroup;
			children = (
				DC636054291655FD00D536FD /* FruitsViewModel.swift */,
			);
			path = viewModel;
			sourceTree = "<group>";
		};
		DC63605B29165BA300D536FD /* model */ = {
			isa = PBXGroup;
			children = (
				DC63604E29164A9100D536FD /* Fruit.swift */,
			);
			path = model;
			sourceTree = "<group>";
		};
		DC63605C29165BAD00D536FD /* repository */ = {
			isa = PBXGroup;
			children = (
				DC6360562916563A00D536FD /* FruitsRepository.swift */,
			);
			path = repository;
			sourceTree = "<group>";
		};
		DC63605D29165BC700D536FD /* views */ = {
			isa = PBXGroup;
			children = (
			);
			path = views;
			sourceTree = "<group>";
		};
/* End PBXGroup section */

/* Begin PBXNativeTarget section */
		DC63603A29164A0F00D536FD /* CombineCustomPubSub */ = {
			isa = PBXNativeTarget;
			buildConfigurationList = DC63604929164A1500D536FD /* Build configuration list for PBXNativeTarget "CombineCustomPubSub" */;
			buildPhases = (
				DC63603729164A0F00D536FD /* Sources */,
				DC63603829164A0F00D536FD /* Frameworks */,
				DC63603929164A0F00D536FD /* Resources */,
			);
			buildRules = (
			);
			dependencies = (
			);
			name = CombineCustomPubSub;
			productName = CombineCustomPubSub;
			productReference = DC63603B29164A0F00D536FD /* CombineCustomPubSub.app */;
			productType = "com.apple.product-type.application";
		};
/* End PBXNativeTarget section */

/* Begin PBXProject section */
		DC63603329164A0F00D536FD /* Project object */ = {
			isa = PBXProject;
			attributes = {
				BuildIndependentTargetsInParallel = 1;
				LastSwiftUpdateCheck = 1410;
				LastUpgradeCheck = 1410;
				TargetAttributes = {
					DC63603A29164A0F00D536FD = {
						CreatedOnToolsVersion = 14.1;
					};
				};
			};
			buildConfigurationList = DC63603629164A0F00D536FD /* Build configuration list for PBXProject "CombineCustomPubSub" */;
			compatibilityVersion = "Xcode 14.0";
			developmentRegion = en;
			hasScannedForEncodings = 0;
			knownRegions = (
				en,
				Base,
			);
			mainGroup = DC63603229164A0F00D536FD;
			productRefGroup = DC63603C29164A0F00D536FD /* Products */;
			projectDirPath = "";
			projectRoot = "";
			targets = (
				DC63603A29164A0F00D536FD /* CombineCustomPubSub */,
			);
		};
/* End PBXProject section */

/* Begin PBXResourcesBuildPhase section */
		DC63603929164A0F00D536FD /* Resources */ = {
			isa = PBXResourcesBuildPhase;
			buildActionMask = 2147483647;
			files = (
				DC63604629164A1500D536FD /* Preview Assets.xcassets in Resources */,
				DC63604329164A1500D536FD /* Assets.xcassets in Resources */,
			);
			runOnlyForDeploymentPostprocessing = 0;
		};
/* End PBXResourcesBuildPhase section */

/* Begin PBXSourcesBuildPhase section */
		DC63603729164A0F00D536FD /* Sources */ = {
			isa = PBXSourcesBuildPhase;
			buildActionMask = 2147483647;
			files = (
				DC63604F29164A9100D536FD /* Fruit.swift in Sources */,
				DC63604129164A0F00D536FD /* ContentView.swift in Sources */,
				DC63603F29164A0F00D536FD /* CombineCustomPubSubApp.swift in Sources */,
				DC63605129164B2700D536FD /* FruitDeliveryError.swift in Sources */,
				DC636055291655FD00D536FD /* FruitsViewModel.swift in Sources */,
				DC63605329164BE900D536FD /* FruitsSubscription.swift in Sources */,
				DC6360572916563A00D536FD /* FruitsRepository.swift in Sources */,
			);
			runOnlyForDeploymentPostprocessing = 0;
		};
/* End PBXSourcesBuildPhase section */

/* Begin XCBuildConfiguration section */
		DC63604729164A1500D536FD /* Debug */ = {
			isa = XCBuildConfiguration;
			buildSettings = {
				ALWAYS_SEARCH_USER_PATHS = NO;
				CLANG_ANALYZER_NONNULL = YES;
				CLANG_ANALYZER_NUMBER_OBJECT_CONVERSION = YES_AGGRESSIVE;
				CLANG_CXX_LANGUAGE_STANDARD = "gnu++20";
				CLANG_ENABLE_MODULES = YES;
				CLANG_ENABLE_OBJC_ARC = YES;
				CLANG_ENABLE_OBJC_WEAK = YES;
				CLANG_WARN_BLOCK_CAPTURE_AUTORELEASING = YES;
				CLANG_WARN_BOOL_CONVERSION = YES;
				CLANG_WARN_COMMA = YES;
				CLANG_WARN_CONSTANT_CONVERSION = YES;
				CLANG_WARN_DEPRECATED_OBJC_IMPLEMENTATIONS = YES;
				CLANG_WARN_DIRECT_OBJC_ISA_USAGE = YES_ERROR;
				CLANG_WARN_DOCUMENTATION_COMMENTS = YES;
				CLANG_WARN_EMPTY_BODY = YES;
				CLANG_WARN_ENUM_CONVERSION = YES;
				CLANG_WARN_INFINITE_RECURSION = YES;
				CLANG_WARN_INT_CONVERSION = YES;
				CLANG_WARN_NON_LITERAL_NULL_CONVERSION = YES;
				CLANG_WARN_OBJC_IMPLICIT_RETAIN_SELF = YES;
				CLANG_WARN_OBJC_LITERAL_CONVERSION = YES;
				CLANG_WARN_OBJC_ROOT_CLASS = YES_ERROR;
				CLANG_WARN_QUOTED_INCLUDE_IN_FRAMEWORK_HEADER = YES;
				CLANG_WARN_RANGE_LOOP_ANALYSIS = YES;
				CLANG_WARN_STRICT_PROTOTYPES = YES;
				CLANG_WARN_SUSPICIOUS_MOVE = YES;
				CLANG_WARN_UNGUARDED_AVAILABILITY = YES_AGGRESSIVE;
				CLANG_WARN_UNREACHABLE_CODE = YES;
				CLANG_WARN__DUPLICATE_METHOD_MATCH = YES;
				COPY_PHASE_STRIP = NO;
				DEBUG_INFORMATION_FORMAT = dwarf;
				ENABLE_STRICT_OBJC_MSGSEND = YES;
				ENABLE_TESTABILITY = YES;
				GCC_C_LANGUAGE_STANDARD = gnu11;
				GCC_DYNAMIC_NO_PIC = NO;
				GCC_NO_COMMON_BLOCKS = YES;
				GCC_OPTIMIZATION_LEVEL = 0;
				GCC_PREPROCESSOR_DEFINITIONS = (
					"DEBUG=1",
					"$(inherited)",
				);
				GCC_WARN_64_TO_32_BIT_CONVERSION = YES;
				GCC_WARN_ABOUT_RETURN_TYPE = YES_ERROR;
				GCC_WARN_UNDECLARED_SELECTOR = YES;
				GCC_WARN_UNINITIALIZED_AUTOS = YES_AGGRESSIVE;
				GCC_WARN_UNUSED_FUNCTION = YES;
				GCC_WARN_UNUSED_VARIABLE = YES;
				IPHONEOS_DEPLOYMENT_TARGET = 16.1;
				MTL_ENABLE_DEBUG_INFO = INCLUDE_SOURCE;
				MTL_FAST_MATH = YES;
				ONLY_ACTIVE_ARCH = YES;
				SDKROOT = iphoneos;
				SWIFT_ACTIVE_COMPILATION_CONDITIONS = DEBUG;
				SWIFT_OPTIMIZATION_LEVEL = "-Onone";
			};
			name = Debug;
		};
		DC63604829164A1500D536FD /* Release */ = {
			isa = XCBuildConfiguration;
			buildSettings = {
				ALWAYS_SEARCH_USER_PATHS = NO;
				CLANG_ANALYZER_NONNULL = YES;
				CLANG_ANALYZER_NUMBER_OBJECT_CONVERSION = YES_AGGRESSIVE;
				CLANG_CXX_LANGUAGE_STANDARD = "gnu++20";
				CLANG_ENABLE_MODULES = YES;
				CLANG_ENABLE_OBJC_ARC = YES;
				CLANG_ENABLE_OBJC_WEAK = YES;
				CLANG_WARN_BLOCK_CAPTURE_AUTORELEASING = YES;
				CLANG_WARN_BOOL_CONVERSION = YES;
				CLANG_WARN_COMMA = YES;
				CLANG_WARN_CONSTANT_CONVERSION = YES;
				CLANG_WARN_DEPRECATED_OBJC_IMPLEMENTATIONS = YES;
				CLANG_WARN_DIRECT_OBJC_ISA_USAGE = YES_ERROR;
				CLANG_WARN_DOCUMENTATION_COMMENTS = YES;
				CLANG_WARN_EMPTY_BODY = YES;
				CLANG_WARN_ENUM_CONVERSION = YES;
				CLANG_WARN_INFINITE_RECURSION = YES;
				CLANG_WARN_INT_CONVERSION = YES;
				CLANG_WARN_NON_LITERAL_NULL_CONVERSION = YES;
				CLANG_WARN_OBJC_IMPLICIT_RETAIN_SELF = YES;
				CLANG_WARN_OBJC_LITERAL_CONVERSION = YES;
				CLANG_WARN_OBJC_ROOT_CLASS = YES_ERROR;
				CLANG_WARN_QUOTED_INCLUDE_IN_FRAMEWORK_HEADER = YES;
				CLANG_WARN_RANGE_LOOP_ANALYSIS = YES;
				CLANG_WARN_STRICT_PROTOTYPES = YES;
				CLANG_WARN_SUSPICIOUS_MOVE = YES;
				CLANG_WARN_UNGUARDED_AVAILABILITY = YES_AGGRESSIVE;
				CLANG_WARN_UNREACHABLE_CODE = YES;
				CLANG_WARN__DUPLICATE_METHOD_MATCH = YES;
				COPY_PHASE_STRIP = NO;
				DEBUG_INFORMATION_FORMAT = "dwarf-with-dsym";
				ENABLE_NS_ASSERTIONS = NO;
				ENABLE_STRICT_OBJC_MSGSEND = YES;
				GCC_C_LANGUAGE_STANDARD = gnu11;
				GCC_NO_COMMON_BLOCKS = YES;
				GCC_WARN_64_TO_32_BIT_CONVERSION = YES;
				GCC_WARN_ABOUT_RETURN_TYPE = YES_ERROR;
				GCC_WARN_UNDECLARED_SELECTOR = YES;
				GCC_WARN_UNINITIALIZED_AUTOS = YES_AGGRESSIVE;
				GCC_WARN_UNUSED_FUNCTION = YES;
				GCC_WARN_UNUSED_VARIABLE = YES;
				IPHONEOS_DEPLOYMENT_TARGET = 16.1;
				MTL_ENABLE_DEBUG_INFO = NO;
				MTL_FAST_MATH = YES;
				SDKROOT = iphoneos;
				SWIFT_COMPILATION_MODE = wholemodule;
				SWIFT_OPTIMIZATION_LEVEL = "-O";
				VALIDATE_PRODUCT = YES;
			};
			name = Release;
		};
		DC63604A29164A1500D536FD /* Debug */ = {
			isa = XCBuildConfiguration;
			buildSettings = {
				ASSETCATALOG_COMPILER_APPICON_NAME = AppIcon;
				ASSETCATALOG_COMPILER_GLOBAL_ACCENT_COLOR_NAME = AccentColor;
				CODE_SIGN_STYLE = Automatic;
				CURRENT_PROJECT_VERSION = 1;
				DEVELOPMENT_ASSET_PATHS = "\"CombineCustomPubSub/Preview Content\"";
				ENABLE_PREVIEWS = YES;
				GENERATE_INFOPLIST_FILE = YES;
				INFOPLIST_KEY_UIApplicationSceneManifest_Generation = YES;
				INFOPLIST_KEY_UIApplicationSupportsIndirectInputEvents = YES;
				INFOPLIST_KEY_UILaunchScreen_Generation = YES;
				INFOPLIST_KEY_UISupportedInterfaceOrientations_iPad = "UIInterfaceOrientationPortrait UIInterfaceOrientationPortraitUpsideDown UIInterfaceOrientationLandscapeLeft UIInterfaceOrientationLandscapeRight";
				INFOPLIST_KEY_UISupportedInterfaceOrientations_iPhone = "UIInterfaceOrientationPortrait UIInterfaceOrientationLandscapeLeft UIInterfaceOrientationLandscapeRight";
				LD_RUNPATH_SEARCH_PATHS = (
					"$(inherited)",
					"@executable_path/Frameworks",
				);
				MARKETING_VERSION = 1.0;
				PRODUCT_BUNDLE_IDENTIFIER = samuelowino.CombineCustomPubSub;
				PRODUCT_NAME = "$(TARGET_NAME)";
				SWIFT_EMIT_LOC_STRINGS = YES;
				SWIFT_VERSION = 5.0;
				TARGETED_DEVICE_FAMILY = "1,2";
			};
			name = Debug;
		};
		DC63604B29164A1500D536FD /* Release */ = {
			isa = XCBuildConfiguration;
			buildSettings = {
				ASSETCATALOG_COMPILER_APPICON_NAME = AppIcon;
				ASSETCATALOG_COMPILER_GLOBAL_ACCENT_COLOR_NAME = AccentColor;
				CODE_SIGN_STYLE = Automatic;
				CURRENT_PROJECT_VERSION = 1;
				DEVELOPMENT_ASSET_PATHS = "\"CombineCustomPubSub/Preview Content\"";
				ENABLE_PREVIEWS = YES;
				GENERATE_INFOPLIST_FILE = YES;
				INFOPLIST_KEY_UIApplicationSceneManifest_Generation = YES;
				INFOPLIST_KEY_UIApplicationSupportsIndirectInputEvents = YES;
				INFOPLIST_KEY_UILaunchScreen_Generation = YES;
				INFOPLIST_KEY_UISupportedInterfaceOrientations_iPad = "UIInterfaceOrientationPortrait UIInterfaceOrientationPortraitUpsideDown UIInterfaceOrientationLandscapeLeft UIInterfaceOrientationLandscapeRight";
				INFOPLIST_KEY_UISupportedInterfaceOrientations_iPhone = "UIInterfaceOrientationPortrait UIInterfaceOrientationLandscapeLeft UIInterfaceOrientationLandscapeRight";
				LD_RUNPATH_SEARCH_PATHS = (
					"$(inherited)",
					"@executable_path/Frameworks",
				);
				MARKETING_VERSION = 1.0;
				PRODUCT_BUNDLE_IDENTIFIER = samuelowino.CombineCustomPubSub;
				PRODUCT_NAME = "$(TARGET_NAME)";
				SWIFT_EMIT_LOC_STRINGS = YES;
				SWIFT_VERSION = 5.0;
				TARGETED_DEVICE_FAMILY = "1,2";
			};
			name = Release;
		};
/* End XCBuildConfiguration section */

/* Begin XCConfigurationList section */
		DC63603629164A0F00D536FD /* Build configuration list for PBXProject "CombineCustomPubSub" */ = {
			isa = XCConfigurationList;
			buildConfigurations = (
				DC63604729164A1500D536FD /* Debug */,
				DC63604829164A1500D536FD /* Release */,
			);
			defaultConfigurationIsVisible = 0;
			defaultConfigurationName = Release;
		};
		DC63604929164A1500D536FD /* Build configuration list for PBXNativeTarget "CombineCustomPubSub" */ = {
			isa = XCConfigurationList;
			buildConfigurations = (
				DC63604A29164A1500D536FD /* Debug */,
				DC63604B29164A1500D536FD /* Release */,
			);
			defaultConfigurationIsVisible = 0;
			defaultConfigurationName = Release;
		};
/* End XCConfigurationList section */
	};
	rootObject = DC63603329164A0F00D536FD /* Project object */;
}
