// !$*UTF8*$!
{
	archiveVersion = 1;
	classes = {
	};
	objectVersion = 55;
	objects = {

/* Begin PBXBuildFile section */
		DC1F659A2763A4E600A2C750 /* StanfordCS193pApp.swift in Sources */ = {isa = PBXBuildFile; fileRef = DC1F65992763A4E600A2C750 /* StanfordCS193pApp.swift */; };
		DC1F659C2763A4E600A2C750 /* ContentView.swift in Sources */ = {isa = PBXBuildFile; fileRef = DC1F659B2763A4E600A2C750 /* ContentView.swift */; };
		DC1F659E2763A4F000A2C750 /* Assets.xcassets in Resources */ = {isa = PBXBuildFile; fileRef = DC1F659D2763A4F000A2C750 /* Assets.xcassets */; };
		DC1F65A12763A4F000A2C750 /* Preview Assets.xcassets in Resources */ = {isa = PBXBuildFile; fileRef = DC1F65A02763A4F000A2C750 /* Preview Assets.xcassets */; };
		DC2934DB276717F400C939CC /* EmojiMemoryGame.swift in Sources */ = {isa = PBXBuildFile; fileRef = DC2934DA276717F300C939CC /* EmojiMemoryGame.swift */; };
		DC2934DF27671E9600C939CC /* MapView.swift in Sources */ = {isa = PBXBuildFile; fileRef = DC2934DE27671E9600C939CC /* MapView.swift */; };
		DC2934E12767206500C939CC /* EmojiCardGameView.swift in Sources */ = {isa = PBXBuildFile; fileRef = DC2934E02767206500C939CC /* EmojiCardGameView.swift */; };
		DC33659127686AD900FEFB98 /* SpriteKit.swift in Sources */ = {isa = PBXBuildFile; fileRef = DC33659027686AD900FEFB98 /* SpriteKit.swift */; };
		DC3365932768727700FEFB98 /* ColorPickerView.swift in Sources */ = {isa = PBXBuildFile; fileRef = DC3365922768727700FEFB98 /* ColorPickerView.swift */; };
		DC3365952768739000FEFB98 /* LazyVStackView.swift in Sources */ = {isa = PBXBuildFile; fileRef = DC3365942768739000FEFB98 /* LazyVStackView.swift */; };
		DC56B1222779ADF000E7A78F /* MatchedGeometryEffectView.swift in Sources */ = {isa = PBXBuildFile; fileRef = DC56B1212779ADF000E7A78F /* MatchedGeometryEffectView.swift */; };
		DC56B1242779B34C00E7A78F /* GeometryEffectAnimationsView.swift in Sources */ = {isa = PBXBuildFile; fileRef = DC56B1232779B34C00E7A78F /* GeometryEffectAnimationsView.swift */; };
		DC56B1262779B3AD00E7A78F /* AdvancedGemotryEffectView.swift in Sources */ = {isa = PBXBuildFile; fileRef = DC56B1252779B3AD00E7A78F /* AdvancedGemotryEffectView.swift */; };
		DC8A9920277AD3B600320A41 /* ScrollToPositionView.swift in Sources */ = {isa = PBXBuildFile; fileRef = DC8A991F277AD3B600320A41 /* ScrollToPositionView.swift */; };
		DC8A9922277AD70500320A41 /* MoreViews.swift in Sources */ = {isa = PBXBuildFile; fileRef = DC8A9921277AD70500320A41 /* MoreViews.swift */; };
		DC8A9924277ADBF100320A41 /* FullScreenModeViews.swift in Sources */ = {isa = PBXBuildFile; fileRef = DC8A9923277ADBF100320A41 /* FullScreenModeViews.swift */; };
		DC8D229527718E090007B196 /* ExpandedListView.swift in Sources */ = {isa = PBXBuildFile; fileRef = DC8D229427718E090007B196 /* ExpandedListView.swift */; };
		DC8D22ED2775A39B0007B196 /* DatePickerView.swift in Sources */ = {isa = PBXBuildFile; fileRef = DC8D22EC2775A39B0007B196 /* DatePickerView.swift */; };
		DC8D22EF2775A6CE0007B196 /* DisclosureGroupView.swift in Sources */ = {isa = PBXBuildFile; fileRef = DC8D22EE2775A6CD0007B196 /* DisclosureGroupView.swift */; };
		DC8D22F12775A8E10007B196 /* iPadOSSideBarView.swift in Sources */ = {isa = PBXBuildFile; fileRef = DC8D22F02775A8E10007B196 /* iPadOSSideBarView.swift */; };
		DCA723A22769D253001E43B2 /* ProgressIndicatorView.swift in Sources */ = {isa = PBXBuildFile; fileRef = DCA723A12769D253001E43B2 /* ProgressIndicatorView.swift */; };
/* End PBXBuildFile section */

/* Begin PBXFileReference section */
		DC1F65962763A4E600A2C750 /* StanfordCS193p.app */ = {isa = PBXFileReference; explicitFileType = wrapper.application; includeInIndex = 0; path = StanfordCS193p.app; sourceTree = BUILT_PRODUCTS_DIR; };
		DC1F65992763A4E600A2C750 /* StanfordCS193pApp.swift */ = {isa = PBXFileReference; lastKnownFileType = sourcecode.swift; path = StanfordCS193pApp.swift; sourceTree = "<group>"; };
		DC1F659B2763A4E600A2C750 /* ContentView.swift */ = {isa = PBXFileReference; lastKnownFileType = sourcecode.swift; path = ContentView.swift; sourceTree = "<group>"; };
		DC1F659D2763A4F000A2C750 /* Assets.xcassets */ = {isa = PBXFileReference; lastKnownFileType = folder.assetcatalog; path = Assets.xcassets; sourceTree = "<group>"; };
		DC1F65A02763A4F000A2C750 /* Preview Assets.xcassets */ = {isa = PBXFileReference; lastKnownFileType = folder.assetcatalog; path = "Preview Assets.xcassets"; sourceTree = "<group>"; };
		DC2934DA276717F300C939CC /* EmojiMemoryGame.swift */ = {isa = PBXFileReference; lastKnownFileType = sourcecode.swift; path = EmojiMemoryGame.swift; sourceTree = "<group>"; };
		DC2934DE27671E9600C939CC /* MapView.swift */ = {isa = PBXFileReference; lastKnownFileType = sourcecode.swift; path = MapView.swift; sourceTree = "<group>"; };
		DC2934E02767206500C939CC /* EmojiCardGameView.swift */ = {isa = PBXFileReference; lastKnownFileType = sourcecode.swift; path = EmojiCardGameView.swift; sourceTree = "<group>"; };
		DC33659027686AD900FEFB98 /* SpriteKit.swift */ = {isa = PBXFileReference; lastKnownFileType = sourcecode.swift; path = SpriteKit.swift; sourceTree = "<group>"; };
		DC3365922768727700FEFB98 /* ColorPickerView.swift */ = {isa = PBXFileReference; lastKnownFileType = sourcecode.swift; path = ColorPickerView.swift; sourceTree = "<group>"; };
		DC3365942768739000FEFB98 /* LazyVStackView.swift */ = {isa = PBXFileReference; lastKnownFileType = sourcecode.swift; path = LazyVStackView.swift; sourceTree = "<group>"; };
		DC56B1212779ADF000E7A78F /* MatchedGeometryEffectView.swift */ = {isa = PBXFileReference; lastKnownFileType = sourcecode.swift; path = MatchedGeometryEffectView.swift; sourceTree = "<group>"; };
		DC56B1232779B34C00E7A78F /* GeometryEffectAnimationsView.swift */ = {isa = PBXFileReference; lastKnownFileType = sourcecode.swift; path = GeometryEffectAnimationsView.swift; sourceTree = "<group>"; };
		DC56B1252779B3AD00E7A78F /* AdvancedGemotryEffectView.swift */ = {isa = PBXFileReference; lastKnownFileType = sourcecode.swift; path = AdvancedGemotryEffectView.swift; sourceTree = "<group>"; };
		DC8A991F277AD3B600320A41 /* ScrollToPositionView.swift */ = {isa = PBXFileReference; lastKnownFileType = sourcecode.swift; path = ScrollToPositionView.swift; sourceTree = "<group>"; };
		DC8A9921277AD70500320A41 /* MoreViews.swift */ = {isa = PBXFileReference; lastKnownFileType = sourcecode.swift; path = MoreViews.swift; sourceTree = "<group>"; };
		DC8A9923277ADBF100320A41 /* FullScreenModeViews.swift */ = {isa = PBXFileReference; lastKnownFileType = sourcecode.swift; path = FullScreenModeViews.swift; sourceTree = "<group>"; };
		DC8D229427718E090007B196 /* ExpandedListView.swift */ = {isa = PBXFileReference; lastKnownFileType = sourcecode.swift; path = ExpandedListView.swift; sourceTree = "<group>"; };
		DC8D22EC2775A39B0007B196 /* DatePickerView.swift */ = {isa = PBXFileReference; lastKnownFileType = sourcecode.swift; path = DatePickerView.swift; sourceTree = "<group>"; };
		DC8D22EE2775A6CD0007B196 /* DisclosureGroupView.swift */ = {isa = PBXFileReference; lastKnownFileType = sourcecode.swift; path = DisclosureGroupView.swift; sourceTree = "<group>"; };
		DC8D22F02775A8E10007B196 /* iPadOSSideBarView.swift */ = {isa = PBXFileReference; lastKnownFileType = sourcecode.swift; path = iPadOSSideBarView.swift; sourceTree = "<group>"; };
		DCA723A12769D253001E43B2 /* ProgressIndicatorView.swift */ = {isa = PBXFileReference; lastKnownFileType = sourcecode.swift; path = ProgressIndicatorView.swift; sourceTree = "<group>"; };
/* End PBXFileReference section */

/* Begin PBXFrameworksBuildPhase section */
		DC1F65932763A4E600A2C750 /* Frameworks */ = {
			isa = PBXFrameworksBuildPhase;
			buildActionMask = 2147483647;
			files = (
			);
			runOnlyForDeploymentPostprocessing = 0;
		};
/* End PBXFrameworksBuildPhase section */

/* Begin PBXGroup section */
		DC1F658D2763A4E600A2C750 = {
			isa = PBXGroup;
			children = (
				DC1F65982763A4E600A2C750 /* StanfordCS193p */,
				DC1F65972763A4E600A2C750 /* Products */,
			);
			sourceTree = "<group>";
		};
		DC1F65972763A4E600A2C750 /* Products */ = {
			isa = PBXGroup;
			children = (
				DC1F65962763A4E600A2C750 /* StanfordCS193p.app */,
			);
			name = Products;
			sourceTree = "<group>";
		};
		DC1F65982763A4E600A2C750 /* StanfordCS193p */ = {
			isa = PBXGroup;
			children = (
				DC2934D9276717DC00C939CC /* Model */,
				DC1F65992763A4E600A2C750 /* StanfordCS193pApp.swift */,
				DC1F659B2763A4E600A2C750 /* ContentView.swift */,
				DC1F659D2763A4F000A2C750 /* Assets.xcassets */,
				DC1F659F2763A4F000A2C750 /* Preview Content */,
				DC2934DE27671E9600C939CC /* MapView.swift */,
				DC2934E02767206500C939CC /* EmojiCardGameView.swift */,
				DC33659027686AD900FEFB98 /* SpriteKit.swift */,
				DC3365922768727700FEFB98 /* ColorPickerView.swift */,
				DC3365942768739000FEFB98 /* LazyVStackView.swift */,
				DCA723A12769D253001E43B2 /* ProgressIndicatorView.swift */,
				DC8D229427718E090007B196 /* ExpandedListView.swift */,
				DC8D22EC2775A39B0007B196 /* DatePickerView.swift */,
				DC8D22EE2775A6CD0007B196 /* DisclosureGroupView.swift */,
				DC8D22F02775A8E10007B196 /* iPadOSSideBarView.swift */,
				DC56B1212779ADF000E7A78F /* MatchedGeometryEffectView.swift */,
				DC56B1232779B34C00E7A78F /* GeometryEffectAnimationsView.swift */,
				DC56B1252779B3AD00E7A78F /* AdvancedGemotryEffectView.swift */,
				DC8A991F277AD3B600320A41 /* ScrollToPositionView.swift */,
				DC8A9921277AD70500320A41 /* MoreViews.swift */,
				DC8A9923277ADBF100320A41 /* FullScreenModeViews.swift */,
			);
			path = StanfordCS193p;
			sourceTree = "<group>";
		};
		DC1F659F2763A4F000A2C750 /* Preview Content */ = {
			isa = PBXGroup;
			children = (
				DC1F65A02763A4F000A2C750 /* Preview Assets.xcassets */,
			);
			path = "Preview Content";
			sourceTree = "<group>";
		};
		DC2934D9276717DC00C939CC /* Model */ = {
			isa = PBXGroup;
			children = (
				DC2934DA276717F300C939CC /* EmojiMemoryGame.swift */,
			);
			path = Model;
			sourceTree = "<group>";
		};
/* End PBXGroup section */

/* Begin PBXNativeTarget section */
		DC1F65952763A4E600A2C750 /* StanfordCS193p */ = {
			isa = PBXNativeTarget;
			buildConfigurationList = DC1F65A42763A4F100A2C750 /* Build configuration list for PBXNativeTarget "StanfordCS193p" */;
			buildPhases = (
				DC1F65922763A4E600A2C750 /* Sources */,
				DC1F65932763A4E600A2C750 /* Frameworks */,
				DC1F65942763A4E600A2C750 /* Resources */,
			);
			buildRules = (
			);
			dependencies = (
			);
			name = StanfordCS193p;
			productName = StanfordCS193p;
			productReference = DC1F65962763A4E600A2C750 /* StanfordCS193p.app */;
			productType = "com.apple.product-type.application";
		};
/* End PBXNativeTarget section */

/* Begin PBXProject section */
		DC1F658E2763A4E600A2C750 /* Project object */ = {
			isa = PBXProject;
			attributes = {
				BuildIndependentTargetsInParallel = 1;
				LastSwiftUpdateCheck = 1310;
				LastUpgradeCheck = 1310;
				TargetAttributes = {
					DC1F65952763A4E600A2C750 = {
						CreatedOnToolsVersion = 13.1;
					};
				};
			};
			buildConfigurationList = DC1F65912763A4E600A2C750 /* Build configuration list for PBXProject "StanfordCS193p" */;
			compatibilityVersion = "Xcode 13.0";
			developmentRegion = en;
			hasScannedForEncodings = 0;
			knownRegions = (
				en,
				Base,
			);
			mainGroup = DC1F658D2763A4E600A2C750;
			productRefGroup = DC1F65972763A4E600A2C750 /* Products */;
			projectDirPath = "";
			projectRoot = "";
			targets = (
				DC1F65952763A4E600A2C750 /* StanfordCS193p */,
			);
		};
/* End PBXProject section */

/* Begin PBXResourcesBuildPhase section */
		DC1F65942763A4E600A2C750 /* Resources */ = {
			isa = PBXResourcesBuildPhase;
			buildActionMask = 2147483647;
			files = (
				DC1F65A12763A4F000A2C750 /* Preview Assets.xcassets in Resources */,
				DC1F659E2763A4F000A2C750 /* Assets.xcassets in Resources */,
			);
			runOnlyForDeploymentPostprocessing = 0;
		};
/* End PBXResourcesBuildPhase section */

/* Begin PBXSourcesBuildPhase section */
		DC1F65922763A4E600A2C750 /* Sources */ = {
			isa = PBXSourcesBuildPhase;
			buildActionMask = 2147483647;
			files = (
				DCA723A22769D253001E43B2 /* ProgressIndicatorView.swift in Sources */,
				DC56B1242779B34C00E7A78F /* GeometryEffectAnimationsView.swift in Sources */,
				DC2934E12767206500C939CC /* EmojiCardGameView.swift in Sources */,
				DC8A9924277ADBF100320A41 /* FullScreenModeViews.swift in Sources */,
				DC1F659C2763A4E600A2C750 /* ContentView.swift in Sources */,
				DC8D22ED2775A39B0007B196 /* DatePickerView.swift in Sources */,
				DC2934DF27671E9600C939CC /* MapView.swift in Sources */,
				DC8D22EF2775A6CE0007B196 /* DisclosureGroupView.swift in Sources */,
				DC3365932768727700FEFB98 /* ColorPickerView.swift in Sources */,
				DC1F659A2763A4E600A2C750 /* StanfordCS193pApp.swift in Sources */,
				DC8A9920277AD3B600320A41 /* ScrollToPositionView.swift in Sources */,
				DC2934DB276717F400C939CC /* EmojiMemoryGame.swift in Sources */,
				DC8D229527718E090007B196 /* ExpandedListView.swift in Sources */,
				DC3365952768739000FEFB98 /* LazyVStackView.swift in Sources */,
				DC33659127686AD900FEFB98 /* SpriteKit.swift in Sources */,
				DC8D22F12775A8E10007B196 /* iPadOSSideBarView.swift in Sources */,
				DC56B1222779ADF000E7A78F /* MatchedGeometryEffectView.swift in Sources */,
				DC56B1262779B3AD00E7A78F /* AdvancedGemotryEffectView.swift in Sources */,
				DC8A9922277AD70500320A41 /* MoreViews.swift in Sources */,
			);
			runOnlyForDeploymentPostprocessing = 0;
		};
/* End PBXSourcesBuildPhase section */

/* Begin XCBuildConfiguration section */
		DC1F65A22763A4F000A2C750 /* Debug */ = {
			isa = XCBuildConfiguration;
			buildSettings = {
				ALWAYS_SEARCH_USER_PATHS = NO;
				CLANG_ANALYZER_NONNULL = YES;
				CLANG_ANALYZER_NUMBER_OBJECT_CONVERSION = YES_AGGRESSIVE;
				CLANG_CXX_LANGUAGE_STANDARD = "gnu++17";
				CLANG_CXX_LIBRARY = "libc++";
				CLANG_ENABLE_MODULES = YES;
				CLANG_ENABLE_OBJC_ARC = YES;
				CLANG_ENABLE_OBJC_WEAK = YES;
				CLANG_WARN_BLOCK_CAPTURE_AUTORELEASING = YES;
				CLANG_WARN_BOOL_CONVERSION = YES;
				CLANG_WARN_COMMA = YES;
				CLANG_WARN_CONSTANT_CONVERSION = YES;
				CLANG_WARN_DEPRECATED_OBJC_IMPLEMENTATIONS = YES;
				CLANG_WARN_DIRECT_OBJC_ISA_USAGE = YES_ERROR;
				CLANG_WARN_DOCUMENTATION_COMMENTS = YES;
				CLANG_WARN_EMPTY_BODY = YES;
				CLANG_WARN_ENUM_CONVERSION = YES;
				CLANG_WARN_INFINITE_RECURSION = YES;
				CLANG_WARN_INT_CONVERSION = YES;
				CLANG_WARN_NON_LITERAL_NULL_CONVERSION = YES;
				CLANG_WARN_OBJC_IMPLICIT_RETAIN_SELF = YES;
				CLANG_WARN_OBJC_LITERAL_CONVERSION = YES;
				CLANG_WARN_OBJC_ROOT_CLASS = YES_ERROR;
				CLANG_WARN_QUOTED_INCLUDE_IN_FRAMEWORK_HEADER = YES;
				CLANG_WARN_RANGE_LOOP_ANALYSIS = YES;
				CLANG_WARN_STRICT_PROTOTYPES = YES;
				CLANG_WARN_SUSPICIOUS_MOVE = YES;
				CLANG_WARN_UNGUARDED_AVAILABILITY = YES_AGGRESSIVE;
				CLANG_WARN_UNREACHABLE_CODE = YES;
				CLANG_WARN__DUPLICATE_METHOD_MATCH = YES;
				COPY_PHASE_STRIP = NO;
				DEBUG_INFORMATION_FORMAT = dwarf;
				ENABLE_STRICT_OBJC_MSGSEND = YES;
				ENABLE_TESTABILITY = YES;
				GCC_C_LANGUAGE_STANDARD = gnu11;
				GCC_DYNAMIC_NO_PIC = NO;
				GCC_NO_COMMON_BLOCKS = YES;
				GCC_OPTIMIZATION_LEVEL = 0;
				GCC_PREPROCESSOR_DEFINITIONS = (
					"DEBUG=1",
					"$(inherited)",
				);
				GCC_WARN_64_TO_32_BIT_CONVERSION = YES;
				GCC_WARN_ABOUT_RETURN_TYPE = YES_ERROR;
				GCC_WARN_UNDECLARED_SELECTOR = YES;
				GCC_WARN_UNINITIALIZED_AUTOS = YES_AGGRESSIVE;
				GCC_WARN_UNUSED_FUNCTION = YES;
				GCC_WARN_UNUSED_VARIABLE = YES;
				IPHONEOS_DEPLOYMENT_TARGET = 15.0;
				MTL_ENABLE_DEBUG_INFO = INCLUDE_SOURCE;
				MTL_FAST_MATH = YES;
				ONLY_ACTIVE_ARCH = YES;
				SDKROOT = iphoneos;
				SWIFT_ACTIVE_COMPILATION_CONDITIONS = DEBUG;
				SWIFT_OPTIMIZATION_LEVEL = "-Onone";
			};
			name = Debug;
		};
		DC1F65A32763A4F000A2C750 /* Release */ = {
			isa = XCBuildConfiguration;
			buildSettings = {
				ALWAYS_SEARCH_USER_PATHS = NO;
				CLANG_ANALYZER_NONNULL = YES;
				CLANG_ANALYZER_NUMBER_OBJECT_CONVERSION = YES_AGGRESSIVE;
				CLANG_CXX_LANGUAGE_STANDARD = "gnu++17";
				CLANG_CXX_LIBRARY = "libc++";
				CLANG_ENABLE_MODULES = YES;
				CLANG_ENABLE_OBJC_ARC = YES;
				CLANG_ENABLE_OBJC_WEAK = YES;
				CLANG_WARN_BLOCK_CAPTURE_AUTORELEASING = YES;
				CLANG_WARN_BOOL_CONVERSION = YES;
				CLANG_WARN_COMMA = YES;
				CLANG_WARN_CONSTANT_CONVERSION = YES;
				CLANG_WARN_DEPRECATED_OBJC_IMPLEMENTATIONS = YES;
				CLANG_WARN_DIRECT_OBJC_ISA_USAGE = YES_ERROR;
				CLANG_WARN_DOCUMENTATION_COMMENTS = YES;
				CLANG_WARN_EMPTY_BODY = YES;
				CLANG_WARN_ENUM_CONVERSION = YES;
				CLANG_WARN_INFINITE_RECURSION = YES;
				CLANG_WARN_INT_CONVERSION = YES;
				CLANG_WARN_NON_LITERAL_NULL_CONVERSION = YES;
				CLANG_WARN_OBJC_IMPLICIT_RETAIN_SELF = YES;
				CLANG_WARN_OBJC_LITERAL_CONVERSION = YES;
				CLANG_WARN_OBJC_ROOT_CLASS = YES_ERROR;
				CLANG_WARN_QUOTED_INCLUDE_IN_FRAMEWORK_HEADER = YES;
				CLANG_WARN_RANGE_LOOP_ANALYSIS = YES;
				CLANG_WARN_STRICT_PROTOTYPES = YES;
				CLANG_WARN_SUSPICIOUS_MOVE = YES;
				CLANG_WARN_UNGUARDED_AVAILABILITY = YES_AGGRESSIVE;
				CLANG_WARN_UNREACHABLE_CODE = YES;
				CLANG_WARN__DUPLICATE_METHOD_MATCH = YES;
				COPY_PHASE_STRIP = NO;
				DEBUG_INFORMATION_FORMAT = "dwarf-with-dsym";
				ENABLE_NS_ASSERTIONS = NO;
				ENABLE_STRICT_OBJC_MSGSEND = YES;
				GCC_C_LANGUAGE_STANDARD = gnu11;
				GCC_NO_COMMON_BLOCKS = YES;
				GCC_WARN_64_TO_32_BIT_CONVERSION = YES;
				GCC_WARN_ABOUT_RETURN_TYPE = YES_ERROR;
				GCC_WARN_UNDECLARED_SELECTOR = YES;
				GCC_WARN_UNINITIALIZED_AUTOS = YES_AGGRESSIVE;
				GCC_WARN_UNUSED_FUNCTION = YES;
				GCC_WARN_UNUSED_VARIABLE = YES;
				IPHONEOS_DEPLOYMENT_TARGET = 15.0;
				MTL_ENABLE_DEBUG_INFO = NO;
				MTL_FAST_MATH = YES;
				SDKROOT = iphoneos;
				SWIFT_COMPILATION_MODE = wholemodule;
				SWIFT_OPTIMIZATION_LEVEL = "-O";
				VALIDATE_PRODUCT = YES;
			};
			name = Release;
		};
		DC1F65A52763A4F100A2C750 /* Debug */ = {
			isa = XCBuildConfiguration;
			buildSettings = {
				ASSETCATALOG_COMPILER_APPICON_NAME = AppIcon;
				ASSETCATALOG_COMPILER_GLOBAL_ACCENT_COLOR_NAME = AccentColor;
				CODE_SIGN_STYLE = Automatic;
				CURRENT_PROJECT_VERSION = 1;
				DEVELOPMENT_ASSET_PATHS = "\"StanfordCS193p/Preview Content\"";
				ENABLE_PREVIEWS = YES;
				GENERATE_INFOPLIST_FILE = YES;
				INFOPLIST_KEY_UIApplicationSceneManifest_Generation = YES;
				INFOPLIST_KEY_UIApplicationSupportsIndirectInputEvents = YES;
				INFOPLIST_KEY_UILaunchScreen_Generation = YES;
				INFOPLIST_KEY_UISupportedInterfaceOrientations_iPad = "UIInterfaceOrientationPortrait UIInterfaceOrientationPortraitUpsideDown UIInterfaceOrientationLandscapeLeft UIInterfaceOrientationLandscapeRight";
				INFOPLIST_KEY_UISupportedInterfaceOrientations_iPhone = "UIInterfaceOrientationPortrait UIInterfaceOrientationLandscapeLeft UIInterfaceOrientationLandscapeRight";
				LD_RUNPATH_SEARCH_PATHS = (
					"$(inherited)",
					"@executable_path/Frameworks",
				);
				MARKETING_VERSION = 1.0;
				PRODUCT_BUNDLE_IDENTIFIER = samuelowino.StanfordCS193p;
				PRODUCT_NAME = "$(TARGET_NAME)";
				SWIFT_EMIT_LOC_STRINGS = YES;
				SWIFT_VERSION = 5.0;
				TARGETED_DEVICE_FAMILY = "1,2";
			};
			name = Debug;
		};
		DC1F65A62763A4F100A2C750 /* Release */ = {
			isa = XCBuildConfiguration;
			buildSettings = {
				ASSETCATALOG_COMPILER_APPICON_NAME = AppIcon;
				ASSETCATALOG_COMPILER_GLOBAL_ACCENT_COLOR_NAME = AccentColor;
				CODE_SIGN_STYLE = Automatic;
				CURRENT_PROJECT_VERSION = 1;
				DEVELOPMENT_ASSET_PATHS = "\"StanfordCS193p/Preview Content\"";
				ENABLE_PREVIEWS = YES;
				GENERATE_INFOPLIST_FILE = YES;
				INFOPLIST_KEY_UIApplicationSceneManifest_Generation = YES;
				INFOPLIST_KEY_UIApplicationSupportsIndirectInputEvents = YES;
				INFOPLIST_KEY_UILaunchScreen_Generation = YES;
				INFOPLIST_KEY_UISupportedInterfaceOrientations_iPad = "UIInterfaceOrientationPortrait UIInterfaceOrientationPortraitUpsideDown UIInterfaceOrientationLandscapeLeft UIInterfaceOrientationLandscapeRight";
				INFOPLIST_KEY_UISupportedInterfaceOrientations_iPhone = "UIInterfaceOrientationPortrait UIInterfaceOrientationLandscapeLeft UIInterfaceOrientationLandscapeRight";
				LD_RUNPATH_SEARCH_PATHS = (
					"$(inherited)",
					"@executable_path/Frameworks",
				);
				MARKETING_VERSION = 1.0;
				PRODUCT_BUNDLE_IDENTIFIER = samuelowino.StanfordCS193p;
				PRODUCT_NAME = "$(TARGET_NAME)";
				SWIFT_EMIT_LOC_STRINGS = YES;
				SWIFT_VERSION = 5.0;
				TARGETED_DEVICE_FAMILY = "1,2";
			};
			name = Release;
		};
/* End XCBuildConfiguration section */

/* Begin XCConfigurationList section */
		DC1F65912763A4E600A2C750 /* Build configuration list for PBXProject "StanfordCS193p" */ = {
			isa = XCConfigurationList;
			buildConfigurations = (
				DC1F65A22763A4F000A2C750 /* Debug */,
				DC1F65A32763A4F000A2C750 /* Release */,
			);
			defaultConfigurationIsVisible = 0;
			defaultConfigurationName = Release;
		};
		DC1F65A42763A4F100A2C750 /* Build configuration list for PBXNativeTarget "StanfordCS193p" */ = {
			isa = XCConfigurationList;
			buildConfigurations = (
				DC1F65A52763A4F100A2C750 /* Debug */,
				DC1F65A62763A4F100A2C750 /* Release */,
			);
			defaultConfigurationIsVisible = 0;
			defaultConfigurationName = Release;
		};
/* End XCConfigurationList section */
	};
	rootObject = DC1F658E2763A4E600A2C750 /* Project object */;
}
