// !$*UTF8*$!
{
	archiveVersion = 1;
	classes = {
	};
	objectVersion = 56;
	objects = {

/* Begin PBXBuildFile section */
		DC3916292B308FD70058AC10 /* uiapplicationlabsApp.swift in Sources */ = {isa = PBXBuildFile; fileRef = DC3916282B308FD70058AC10 /* uiapplicationlabsApp.swift */; };
		DC39162B2B308FD70058AC10 /* ContentView.swift in Sources */ = {isa = PBXBuildFile; fileRef = DC39162A2B308FD70058AC10 /* ContentView.swift */; };
		DC39162D2B308FD90058AC10 /* Assets.xcassets in Resources */ = {isa = PBXBuildFile; fileRef = DC39162C2B308FD90058AC10 /* Assets.xcassets */; };
		DC3916302B308FD90058AC10 /* Preview Assets.xcassets in Resources */ = {isa = PBXBuildFile; fileRef = DC39162F2B308FD90058AC10 /* Preview Assets.xcassets */; };
		DC39163A2B308FD90058AC10 /* uiapplicationlabsTests.swift in Sources */ = {isa = PBXBuildFile; fileRef = DC3916392B308FD90058AC10 /* uiapplicationlabsTests.swift */; };
		DC3916442B308FD90058AC10 /* uiapplicationlabsUITests.swift in Sources */ = {isa = PBXBuildFile; fileRef = DC3916432B308FD90058AC10 /* uiapplicationlabsUITests.swift */; };
		DC3916462B308FD90058AC10 /* uiapplicationlabsUITestsLaunchTests.swift in Sources */ = {isa = PBXBuildFile; fileRef = DC3916452B308FD90058AC10 /* uiapplicationlabsUITestsLaunchTests.swift */; };
/* End PBXBuildFile section */

/* Begin PBXContainerItemProxy section */
		DC3916362B308FD90058AC10 /* PBXContainerItemProxy */ = {
			isa = PBXContainerItemProxy;
			containerPortal = DC39161D2B308FD70058AC10 /* Project object */;
			proxyType = 1;
			remoteGlobalIDString = DC3916242B308FD70058AC10;
			remoteInfo = uiapplicationlabs;
		};
		DC3916402B308FD90058AC10 /* PBXContainerItemProxy */ = {
			isa = PBXContainerItemProxy;
			containerPortal = DC39161D2B308FD70058AC10 /* Project object */;
			proxyType = 1;
			remoteGlobalIDString = DC3916242B308FD70058AC10;
			remoteInfo = uiapplicationlabs;
		};
/* End PBXContainerItemProxy section */

/* Begin PBXFileReference section */
		DC3916252B308FD70058AC10 /* uiapplicationlabs.app */ = {isa = PBXFileReference; explicitFileType = wrapper.application; includeInIndex = 0; path = uiapplicationlabs.app; sourceTree = BUILT_PRODUCTS_DIR; };
		DC3916282B308FD70058AC10 /* uiapplicationlabsApp.swift */ = {isa = PBXFileReference; lastKnownFileType = sourcecode.swift; path = uiapplicationlabsApp.swift; sourceTree = "<group>"; };
		DC39162A2B308FD70058AC10 /* ContentView.swift */ = {isa = PBXFileReference; lastKnownFileType = sourcecode.swift; path = ContentView.swift; sourceTree = "<group>"; };
		DC39162C2B308FD90058AC10 /* Assets.xcassets */ = {isa = PBXFileReference; lastKnownFileType = folder.assetcatalog; path = Assets.xcassets; sourceTree = "<group>"; };
		DC39162F2B308FD90058AC10 /* Preview Assets.xcassets */ = {isa = PBXFileReference; lastKnownFileType = folder.assetcatalog; path = "Preview Assets.xcassets"; sourceTree = "<group>"; };
		DC3916352B308FD90058AC10 /* uiapplicationlabsTests.xctest */ = {isa = PBXFileReference; explicitFileType = wrapper.cfbundle; includeInIndex = 0; path = uiapplicationlabsTests.xctest; sourceTree = BUILT_PRODUCTS_DIR; };
		DC3916392B308FD90058AC10 /* uiapplicationlabsTests.swift */ = {isa = PBXFileReference; lastKnownFileType = sourcecode.swift; path = uiapplicationlabsTests.swift; sourceTree = "<group>"; };
		DC39163F2B308FD90058AC10 /* uiapplicationlabsUITests.xctest */ = {isa = PBXFileReference; explicitFileType = wrapper.cfbundle; includeInIndex = 0; path = uiapplicationlabsUITests.xctest; sourceTree = BUILT_PRODUCTS_DIR; };
		DC3916432B308FD90058AC10 /* uiapplicationlabsUITests.swift */ = {isa = PBXFileReference; lastKnownFileType = sourcecode.swift; path = uiapplicationlabsUITests.swift; sourceTree = "<group>"; };
		DC3916452B308FD90058AC10 /* uiapplicationlabsUITestsLaunchTests.swift */ = {isa = PBXFileReference; lastKnownFileType = sourcecode.swift; path = uiapplicationlabsUITestsLaunchTests.swift; sourceTree = "<group>"; };
/* End PBXFileReference section */

/* Begin PBXFrameworksBuildPhase section */
		DC3916222B308FD70058AC10 /* Frameworks */ = {
			isa = PBXFrameworksBuildPhase;
			buildActionMask = 2147483647;
			files = (
			);
			runOnlyForDeploymentPostprocessing = 0;
		};
		DC3916322B308FD90058AC10 /* Frameworks */ = {
			isa = PBXFrameworksBuildPhase;
			buildActionMask = 2147483647;
			files = (
			);
			runOnlyForDeploymentPostprocessing = 0;
		};
		DC39163C2B308FD90058AC10 /* Frameworks */ = {
			isa = PBXFrameworksBuildPhase;
			buildActionMask = 2147483647;
			files = (
			);
			runOnlyForDeploymentPostprocessing = 0;
		};
/* End PBXFrameworksBuildPhase section */

/* Begin PBXGroup section */
		DC39161C2B308FD70058AC10 = {
			isa = PBXGroup;
			children = (
				DC3916272B308FD70058AC10 /* uiapplicationlabs */,
				DC3916382B308FD90058AC10 /* uiapplicationlabsTests */,
				DC3916422B308FD90058AC10 /* uiapplicationlabsUITests */,
				DC3916262B308FD70058AC10 /* Products */,
			);
			sourceTree = "<group>";
		};
		DC3916262B308FD70058AC10 /* Products */ = {
			isa = PBXGroup;
			children = (
				DC3916252B308FD70058AC10 /* uiapplicationlabs.app */,
				DC3916352B308FD90058AC10 /* uiapplicationlabsTests.xctest */,
				DC39163F2B308FD90058AC10 /* uiapplicationlabsUITests.xctest */,
			);
			name = Products;
			sourceTree = "<group>";
		};
		DC3916272B308FD70058AC10 /* uiapplicationlabs */ = {
			isa = PBXGroup;
			children = (
				DC3916282B308FD70058AC10 /* uiapplicationlabsApp.swift */,
				DC39162A2B308FD70058AC10 /* ContentView.swift */,
				DC39162C2B308FD90058AC10 /* Assets.xcassets */,
				DC39162E2B308FD90058AC10 /* Preview Content */,
			);
			path = uiapplicationlabs;
			sourceTree = "<group>";
		};
		DC39162E2B308FD90058AC10 /* Preview Content */ = {
			isa = PBXGroup;
			children = (
				DC39162F2B308FD90058AC10 /* Preview Assets.xcassets */,
			);
			path = "Preview Content";
			sourceTree = "<group>";
		};
		DC3916382B308FD90058AC10 /* uiapplicationlabsTests */ = {
			isa = PBXGroup;
			children = (
				DC3916392B308FD90058AC10 /* uiapplicationlabsTests.swift */,
			);
			path = uiapplicationlabsTests;
			sourceTree = "<group>";
		};
		DC3916422B308FD90058AC10 /* uiapplicationlabsUITests */ = {
			isa = PBXGroup;
			children = (
				DC3916432B308FD90058AC10 /* uiapplicationlabsUITests.swift */,
				DC3916452B308FD90058AC10 /* uiapplicationlabsUITestsLaunchTests.swift */,
			);
			path = uiapplicationlabsUITests;
			sourceTree = "<group>";
		};
/* End PBXGroup section */

/* Begin PBXNativeTarget section */
		DC3916242B308FD70058AC10 /* uiapplicationlabs */ = {
			isa = PBXNativeTarget;
			buildConfigurationList = DC3916492B308FD90058AC10 /* Build configuration list for PBXNativeTarget "uiapplicationlabs" */;
			buildPhases = (
				DC3916212B308FD70058AC10 /* Sources */,
				DC3916222B308FD70058AC10 /* Frameworks */,
				DC3916232B308FD70058AC10 /* Resources */,
			);
			buildRules = (
			);
			dependencies = (
			);
			name = uiapplicationlabs;
			productName = uiapplicationlabs;
			productReference = DC3916252B308FD70058AC10 /* uiapplicationlabs.app */;
			productType = "com.apple.product-type.application";
		};
		DC3916342B308FD90058AC10 /* uiapplicationlabsTests */ = {
			isa = PBXNativeTarget;
			buildConfigurationList = DC39164C2B308FD90058AC10 /* Build configuration list for PBXNativeTarget "uiapplicationlabsTests" */;
			buildPhases = (
				DC3916312B308FD90058AC10 /* Sources */,
				DC3916322B308FD90058AC10 /* Frameworks */,
				DC3916332B308FD90058AC10 /* Resources */,
			);
			buildRules = (
			);
			dependencies = (
				DC3916372B308FD90058AC10 /* PBXTargetDependency */,
			);
			name = uiapplicationlabsTests;
			productName = uiapplicationlabsTests;
			productReference = DC3916352B308FD90058AC10 /* uiapplicationlabsTests.xctest */;
			productType = "com.apple.product-type.bundle.unit-test";
		};
		DC39163E2B308FD90058AC10 /* uiapplicationlabsUITests */ = {
			isa = PBXNativeTarget;
			buildConfigurationList = DC39164F2B308FD90058AC10 /* Build configuration list for PBXNativeTarget "uiapplicationlabsUITests" */;
			buildPhases = (
				DC39163B2B308FD90058AC10 /* Sources */,
				DC39163C2B308FD90058AC10 /* Frameworks */,
				DC39163D2B308FD90058AC10 /* Resources */,
			);
			buildRules = (
			);
			dependencies = (
				DC3916412B308FD90058AC10 /* PBXTargetDependency */,
			);
			name = uiapplicationlabsUITests;
			productName = uiapplicationlabsUITests;
			productReference = DC39163F2B308FD90058AC10 /* uiapplicationlabsUITests.xctest */;
			productType = "com.apple.product-type.bundle.ui-testing";
		};
/* End PBXNativeTarget section */

/* Begin PBXProject section */
		DC39161D2B308FD70058AC10 /* Project object */ = {
			isa = PBXProject;
			attributes = {
				BuildIndependentTargetsInParallel = 1;
				LastSwiftUpdateCheck = 1500;
				LastUpgradeCheck = 1500;
				TargetAttributes = {
					DC3916242B308FD70058AC10 = {
						CreatedOnToolsVersion = 15.0.1;
					};
					DC3916342B308FD90058AC10 = {
						CreatedOnToolsVersion = 15.0.1;
						TestTargetID = DC3916242B308FD70058AC10;
					};
					DC39163E2B308FD90058AC10 = {
						CreatedOnToolsVersion = 15.0.1;
						TestTargetID = DC3916242B308FD70058AC10;
					};
				};
			};
			buildConfigurationList = DC3916202B308FD70058AC10 /* Build configuration list for PBXProject "uiapplicationlabs" */;
			compatibilityVersion = "Xcode 14.0";
			developmentRegion = en;
			hasScannedForEncodings = 0;
			knownRegions = (
				en,
				Base,
			);
			mainGroup = DC39161C2B308FD70058AC10;
			productRefGroup = DC3916262B308FD70058AC10 /* Products */;
			projectDirPath = "";
			projectRoot = "";
			targets = (
				DC3916242B308FD70058AC10 /* uiapplicationlabs */,
				DC3916342B308FD90058AC10 /* uiapplicationlabsTests */,
				DC39163E2B308FD90058AC10 /* uiapplicationlabsUITests */,
			);
		};
/* End PBXProject section */

/* Begin PBXResourcesBuildPhase section */
		DC3916232B308FD70058AC10 /* Resources */ = {
			isa = PBXResourcesBuildPhase;
			buildActionMask = 2147483647;
			files = (
				DC3916302B308FD90058AC10 /* Preview Assets.xcassets in Resources */,
				DC39162D2B308FD90058AC10 /* Assets.xcassets in Resources */,
			);
			runOnlyForDeploymentPostprocessing = 0;
		};
		DC3916332B308FD90058AC10 /* Resources */ = {
			isa = PBXResourcesBuildPhase;
			buildActionMask = 2147483647;
			files = (
			);
			runOnlyForDeploymentPostprocessing = 0;
		};
		DC39163D2B308FD90058AC10 /* Resources */ = {
			isa = PBXResourcesBuildPhase;
			buildActionMask = 2147483647;
			files = (
			);
			runOnlyForDeploymentPostprocessing = 0;
		};
/* End PBXResourcesBuildPhase section */

/* Begin PBXSourcesBuildPhase section */
		DC3916212B308FD70058AC10 /* Sources */ = {
			isa = PBXSourcesBuildPhase;
			buildActionMask = 2147483647;
			files = (
				DC39162B2B308FD70058AC10 /* ContentView.swift in Sources */,
				DC3916292B308FD70058AC10 /* uiapplicationlabsApp.swift in Sources */,
			);
			runOnlyForDeploymentPostprocessing = 0;
		};
		DC3916312B308FD90058AC10 /* Sources */ = {
			isa = PBXSourcesBuildPhase;
			buildActionMask = 2147483647;
			files = (
				DC39163A2B308FD90058AC10 /* uiapplicationlabsTests.swift in Sources */,
			);
			runOnlyForDeploymentPostprocessing = 0;
		};
		DC39163B2B308FD90058AC10 /* Sources */ = {
			isa = PBXSourcesBuildPhase;
			buildActionMask = 2147483647;
			files = (
				DC3916442B308FD90058AC10 /* uiapplicationlabsUITests.swift in Sources */,
				DC3916462B308FD90058AC10 /* uiapplicationlabsUITestsLaunchTests.swift in Sources */,
			);
			runOnlyForDeploymentPostprocessing = 0;
		};
/* End PBXSourcesBuildPhase section */

/* Begin PBXTargetDependency section */
		DC3916372B308FD90058AC10 /* PBXTargetDependency */ = {
			isa = PBXTargetDependency;
			target = DC3916242B308FD70058AC10 /* uiapplicationlabs */;
			targetProxy = DC3916362B308FD90058AC10 /* PBXContainerItemProxy */;
		};
		DC3916412B308FD90058AC10 /* PBXTargetDependency */ = {
			isa = PBXTargetDependency;
			target = DC3916242B308FD70058AC10 /* uiapplicationlabs */;
			targetProxy = DC3916402B308FD90058AC10 /* PBXContainerItemProxy */;
		};
/* End PBXTargetDependency section */

/* Begin XCBuildConfiguration section */
		DC3916472B308FD90058AC10 /* Debug */ = {
			isa = XCBuildConfiguration;
			buildSettings = {
				ALWAYS_SEARCH_USER_PATHS = NO;
				ASSETCATALOG_COMPILER_GENERATE_SWIFT_ASSET_SYMBOL_EXTENSIONS = YES;
				CLANG_ANALYZER_NONNULL = YES;
				CLANG_ANALYZER_NUMBER_OBJECT_CONVERSION = YES_AGGRESSIVE;
				CLANG_CXX_LANGUAGE_STANDARD = "gnu++20";
				CLANG_ENABLE_MODULES = YES;
				CLANG_ENABLE_OBJC_ARC = YES;
				CLANG_ENABLE_OBJC_WEAK = YES;
				CLANG_WARN_BLOCK_CAPTURE_AUTORELEASING = YES;
				CLANG_WARN_BOOL_CONVERSION = YES;
				CLANG_WARN_COMMA = YES;
				CLANG_WARN_CONSTANT_CONVERSION = YES;
				CLANG_WARN_DEPRECATED_OBJC_IMPLEMENTATIONS = YES;
				CLANG_WARN_DIRECT_OBJC_ISA_USAGE = YES_ERROR;
				CLANG_WARN_DOCUMENTATION_COMMENTS = YES;
				CLANG_WARN_EMPTY_BODY = YES;
				CLANG_WARN_ENUM_CONVERSION = YES;
				CLANG_WARN_INFINITE_RECURSION = YES;
				CLANG_WARN_INT_CONVERSION = YES;
				CLANG_WARN_NON_LITERAL_NULL_CONVERSION = YES;
				CLANG_WARN_OBJC_IMPLICIT_RETAIN_SELF = YES;
				CLANG_WARN_OBJC_LITERAL_CONVERSION = YES;
				CLANG_WARN_OBJC_ROOT_CLASS = YES_ERROR;
				CLANG_WARN_QUOTED_INCLUDE_IN_FRAMEWORK_HEADER = YES;
				CLANG_WARN_RANGE_LOOP_ANALYSIS = YES;
				CLANG_WARN_STRICT_PROTOTYPES = YES;
				CLANG_WARN_SUSPICIOUS_MOVE = YES;
				CLANG_WARN_UNGUARDED_AVAILABILITY = YES_AGGRESSIVE;
				CLANG_WARN_UNREACHABLE_CODE = YES;
				CLANG_WARN__DUPLICATE_METHOD_MATCH = YES;
				COPY_PHASE_STRIP = NO;
				DEBUG_INFORMATION_FORMAT = dwarf;
				ENABLE_STRICT_OBJC_MSGSEND = YES;
				ENABLE_TESTABILITY = YES;
				ENABLE_USER_SCRIPT_SANDBOXING = YES;
				GCC_C_LANGUAGE_STANDARD = gnu17;
				GCC_DYNAMIC_NO_PIC = NO;
				GCC_NO_COMMON_BLOCKS = YES;
				GCC_OPTIMIZATION_LEVEL = 0;
				GCC_PREPROCESSOR_DEFINITIONS = (
					"DEBUG=1",
					"$(inherited)",
				);
				GCC_WARN_64_TO_32_BIT_CONVERSION = YES;
				GCC_WARN_ABOUT_RETURN_TYPE = YES_ERROR;
				GCC_WARN_UNDECLARED_SELECTOR = YES;
				GCC_WARN_UNINITIALIZED_AUTOS = YES_AGGRESSIVE;
				GCC_WARN_UNUSED_FUNCTION = YES;
				GCC_WARN_UNUSED_VARIABLE = YES;
				IPHONEOS_DEPLOYMENT_TARGET = 17.0;
				LOCALIZATION_PREFERS_STRING_CATALOGS = YES;
				MTL_ENABLE_DEBUG_INFO = INCLUDE_SOURCE;
				MTL_FAST_MATH = YES;
				ONLY_ACTIVE_ARCH = YES;
				SDKROOT = iphoneos;
				SWIFT_ACTIVE_COMPILATION_CONDITIONS = "DEBUG $(inherited)";
				SWIFT_OPTIMIZATION_LEVEL = "-Onone";
			};
			name = Debug;
		};
		DC3916482B308FD90058AC10 /* Release */ = {
			isa = XCBuildConfiguration;
			buildSettings = {
				ALWAYS_SEARCH_USER_PATHS = NO;
				ASSETCATALOG_COMPILER_GENERATE_SWIFT_ASSET_SYMBOL_EXTENSIONS = YES;
				CLANG_ANALYZER_NONNULL = YES;
				CLANG_ANALYZER_NUMBER_OBJECT_CONVERSION = YES_AGGRESSIVE;
				CLANG_CXX_LANGUAGE_STANDARD = "gnu++20";
				CLANG_ENABLE_MODULES = YES;
				CLANG_ENABLE_OBJC_ARC = YES;
				CLANG_ENABLE_OBJC_WEAK = YES;
				CLANG_WARN_BLOCK_CAPTURE_AUTORELEASING = YES;
				CLANG_WARN_BOOL_CONVERSION = YES;
				CLANG_WARN_COMMA = YES;
				CLANG_WARN_CONSTANT_CONVERSION = YES;
				CLANG_WARN_DEPRECATED_OBJC_IMPLEMENTATIONS = YES;
				CLANG_WARN_DIRECT_OBJC_ISA_USAGE = YES_ERROR;
				CLANG_WARN_DOCUMENTATION_COMMENTS = YES;
				CLANG_WARN_EMPTY_BODY = YES;
				CLANG_WARN_ENUM_CONVERSION = YES;
				CLANG_WARN_INFINITE_RECURSION = YES;
				CLANG_WARN_INT_CONVERSION = YES;
				CLANG_WARN_NON_LITERAL_NULL_CONVERSION = YES;
				CLANG_WARN_OBJC_IMPLICIT_RETAIN_SELF = YES;
				CLANG_WARN_OBJC_LITERAL_CONVERSION = YES;
				CLANG_WARN_OBJC_ROOT_CLASS = YES_ERROR;
				CLANG_WARN_QUOTED_INCLUDE_IN_FRAMEWORK_HEADER = YES;
				CLANG_WARN_RANGE_LOOP_ANALYSIS = YES;
				CLANG_WARN_STRICT_PROTOTYPES = YES;
				CLANG_WARN_SUSPICIOUS_MOVE = YES;
				CLANG_WARN_UNGUARDED_AVAILABILITY = YES_AGGRESSIVE;
				CLANG_WARN_UNREACHABLE_CODE = YES;
				CLANG_WARN__DUPLICATE_METHOD_MATCH = YES;
				COPY_PHASE_STRIP = NO;
				DEBUG_INFORMATION_FORMAT = "dwarf-with-dsym";
				ENABLE_NS_ASSERTIONS = NO;
				ENABLE_STRICT_OBJC_MSGSEND = YES;
				ENABLE_USER_SCRIPT_SANDBOXING = YES;
				GCC_C_LANGUAGE_STANDARD = gnu17;
				GCC_NO_COMMON_BLOCKS = YES;
				GCC_WARN_64_TO_32_BIT_CONVERSION = YES;
				GCC_WARN_ABOUT_RETURN_TYPE = YES_ERROR;
				GCC_WARN_UNDECLARED_SELECTOR = YES;
				GCC_WARN_UNINITIALIZED_AUTOS = YES_AGGRESSIVE;
				GCC_WARN_UNUSED_FUNCTION = YES;
				GCC_WARN_UNUSED_VARIABLE = YES;
				IPHONEOS_DEPLOYMENT_TARGET = 17.0;
				LOCALIZATION_PREFERS_STRING_CATALOGS = YES;
				MTL_ENABLE_DEBUG_INFO = NO;
				MTL_FAST_MATH = YES;
				SDKROOT = iphoneos;
				SWIFT_COMPILATION_MODE = wholemodule;
				VALIDATE_PRODUCT = YES;
			};
			name = Release;
		};
		DC39164A2B308FD90058AC10 /* Debug */ = {
			isa = XCBuildConfiguration;
			buildSettings = {
				ASSETCATALOG_COMPILER_APPICON_NAME = AppIcon;
				ASSETCATALOG_COMPILER_GLOBAL_ACCENT_COLOR_NAME = AccentColor;
				CODE_SIGN_STYLE = Automatic;
				CURRENT_PROJECT_VERSION = 1;
				DEVELOPMENT_ASSET_PATHS = "\"uiapplicationlabs/Preview Content\"";
				ENABLE_PREVIEWS = YES;
				GENERATE_INFOPLIST_FILE = YES;
				INFOPLIST_KEY_UIApplicationSceneManifest_Generation = YES;
				INFOPLIST_KEY_UIApplicationSupportsIndirectInputEvents = YES;
				INFOPLIST_KEY_UILaunchScreen_Generation = YES;
				INFOPLIST_KEY_UISupportedInterfaceOrientations_iPad = "UIInterfaceOrientationPortrait UIInterfaceOrientationPortraitUpsideDown UIInterfaceOrientationLandscapeLeft UIInterfaceOrientationLandscapeRight";
				INFOPLIST_KEY_UISupportedInterfaceOrientations_iPhone = "UIInterfaceOrientationPortrait UIInterfaceOrientationLandscapeLeft UIInterfaceOrientationLandscapeRight";
				LD_RUNPATH_SEARCH_PATHS = (
					"$(inherited)",
					"@executable_path/Frameworks",
				);
				MARKETING_VERSION = 1.0;
				PRODUCT_BUNDLE_IDENTIFIER = souplab.uiapplicationlabs;
				PRODUCT_NAME = "$(TARGET_NAME)";
				SWIFT_EMIT_LOC_STRINGS = YES;
				SWIFT_VERSION = 5.0;
				TARGETED_DEVICE_FAMILY = "1,2";
			};
			name = Debug;
		};
		DC39164B2B308FD90058AC10 /* Release */ = {
			isa = XCBuildConfiguration;
			buildSettings = {
				ASSETCATALOG_COMPILER_APPICON_NAME = AppIcon;
				ASSETCATALOG_COMPILER_GLOBAL_ACCENT_COLOR_NAME = AccentColor;
				CODE_SIGN_STYLE = Automatic;
				CURRENT_PROJECT_VERSION = 1;
				DEVELOPMENT_ASSET_PATHS = "\"uiapplicationlabs/Preview Content\"";
				ENABLE_PREVIEWS = YES;
				GENERATE_INFOPLIST_FILE = YES;
				INFOPLIST_KEY_UIApplicationSceneManifest_Generation = YES;
				INFOPLIST_KEY_UIApplicationSupportsIndirectInputEvents = YES;
				INFOPLIST_KEY_UILaunchScreen_Generation = YES;
				INFOPLIST_KEY_UISupportedInterfaceOrientations_iPad = "UIInterfaceOrientationPortrait UIInterfaceOrientationPortraitUpsideDown UIInterfaceOrientationLandscapeLeft UIInterfaceOrientationLandscapeRight";
				INFOPLIST_KEY_UISupportedInterfaceOrientations_iPhone = "UIInterfaceOrientationPortrait UIInterfaceOrientationLandscapeLeft UIInterfaceOrientationLandscapeRight";
				LD_RUNPATH_SEARCH_PATHS = (
					"$(inherited)",
					"@executable_path/Frameworks",
				);
				MARKETING_VERSION = 1.0;
				PRODUCT_BUNDLE_IDENTIFIER = souplab.uiapplicationlabs;
				PRODUCT_NAME = "$(TARGET_NAME)";
				SWIFT_EMIT_LOC_STRINGS = YES;
				SWIFT_VERSION = 5.0;
				TARGETED_DEVICE_FAMILY = "1,2";
			};
			name = Release;
		};
		DC39164D2B308FD90058AC10 /* Debug */ = {
			isa = XCBuildConfiguration;
			buildSettings = {
				ALWAYS_EMBED_SWIFT_STANDARD_LIBRARIES = YES;
				BUNDLE_LOADER = "$(TEST_HOST)";
				CODE_SIGN_STYLE = Automatic;
				CURRENT_PROJECT_VERSION = 1;
				GENERATE_INFOPLIST_FILE = YES;
				IPHONEOS_DEPLOYMENT_TARGET = 17.0;
				MARKETING_VERSION = 1.0;
				PRODUCT_BUNDLE_IDENTIFIER = souplab.uiapplicationlabsTests;
				PRODUCT_NAME = "$(TARGET_NAME)";
				SWIFT_EMIT_LOC_STRINGS = NO;
				SWIFT_VERSION = 5.0;
				TARGETED_DEVICE_FAMILY = "1,2";
				TEST_HOST = "$(BUILT_PRODUCTS_DIR)/uiapplicationlabs.app/$(BUNDLE_EXECUTABLE_FOLDER_PATH)/uiapplicationlabs";
			};
			name = Debug;
		};
		DC39164E2B308FD90058AC10 /* Release */ = {
			isa = XCBuildConfiguration;
			buildSettings = {
				ALWAYS_EMBED_SWIFT_STANDARD_LIBRARIES = YES;
				BUNDLE_LOADER = "$(TEST_HOST)";
				CODE_SIGN_STYLE = Automatic;
				CURRENT_PROJECT_VERSION = 1;
				GENERATE_INFOPLIST_FILE = YES;
				IPHONEOS_DEPLOYMENT_TARGET = 17.0;
				MARKETING_VERSION = 1.0;
				PRODUCT_BUNDLE_IDENTIFIER = souplab.uiapplicationlabsTests;
				PRODUCT_NAME = "$(TARGET_NAME)";
				SWIFT_EMIT_LOC_STRINGS = NO;
				SWIFT_VERSION = 5.0;
				TARGETED_DEVICE_FAMILY = "1,2";
				TEST_HOST = "$(BUILT_PRODUCTS_DIR)/uiapplicationlabs.app/$(BUNDLE_EXECUTABLE_FOLDER_PATH)/uiapplicationlabs";
			};
			name = Release;
		};
		DC3916502B308FD90058AC10 /* Debug */ = {
			isa = XCBuildConfiguration;
			buildSettings = {
				ALWAYS_EMBED_SWIFT_STANDARD_LIBRARIES = YES;
				CODE_SIGN_STYLE = Automatic;
				CURRENT_PROJECT_VERSION = 1;
				GENERATE_INFOPLIST_FILE = YES;
				MARKETING_VERSION = 1.0;
				PRODUCT_BUNDLE_IDENTIFIER = souplab.uiapplicationlabsUITests;
				PRODUCT_NAME = "$(TARGET_NAME)";
				SWIFT_EMIT_LOC_STRINGS = NO;
				SWIFT_VERSION = 5.0;
				TARGETED_DEVICE_FAMILY = "1,2";
				TEST_TARGET_NAME = uiapplicationlabs;
			};
			name = Debug;
		};
		DC3916512B308FD90058AC10 /* Release */ = {
			isa = XCBuildConfiguration;
			buildSettings = {
				ALWAYS_EMBED_SWIFT_STANDARD_LIBRARIES = YES;
				CODE_SIGN_STYLE = Automatic;
				CURRENT_PROJECT_VERSION = 1;
				GENERATE_INFOPLIST_FILE = YES;
				MARKETING_VERSION = 1.0;
				PRODUCT_BUNDLE_IDENTIFIER = souplab.uiapplicationlabsUITests;
				PRODUCT_NAME = "$(TARGET_NAME)";
				SWIFT_EMIT_LOC_STRINGS = NO;
				SWIFT_VERSION = 5.0;
				TARGETED_DEVICE_FAMILY = "1,2";
				TEST_TARGET_NAME = uiapplicationlabs;
			};
			name = Release;
		};
/* End XCBuildConfiguration section */

/* Begin XCConfigurationList section */
		DC3916202B308FD70058AC10 /* Build configuration list for PBXProject "uiapplicationlabs" */ = {
			isa = XCConfigurationList;
			buildConfigurations = (
				DC3916472B308FD90058AC10 /* Debug */,
				DC3916482B308FD90058AC10 /* Release */,
			);
			defaultConfigurationIsVisible = 0;
			defaultConfigurationName = Release;
		};
		DC3916492B308FD90058AC10 /* Build configuration list for PBXNativeTarget "uiapplicationlabs" */ = {
			isa = XCConfigurationList;
			buildConfigurations = (
				DC39164A2B308FD90058AC10 /* Debug */,
				DC39164B2B308FD90058AC10 /* Release */,
			);
			defaultConfigurationIsVisible = 0;
			defaultConfigurationName = Release;
		};
		DC39164C2B308FD90058AC10 /* Build configuration list for PBXNativeTarget "uiapplicationlabsTests" */ = {
			isa = XCConfigurationList;
			buildConfigurations = (
				DC39164D2B308FD90058AC10 /* Debug */,
				DC39164E2B308FD90058AC10 /* Release */,
			);
			defaultConfigurationIsVisible = 0;
			defaultConfigurationName = Release;
		};
		DC39164F2B308FD90058AC10 /* Build configuration list for PBXNativeTarget "uiapplicationlabsUITests" */ = {
			isa = XCConfigurationList;
			buildConfigurations = (
				DC3916502B308FD90058AC10 /* Debug */,
				DC3916512B308FD90058AC10 /* Release */,
			);
			defaultConfigurationIsVisible = 0;
			defaultConfigurationName = Release;
		};
/* End XCConfigurationList section */
	};
	rootObject = DC39161D2B308FD70058AC10 /* Project object */;
}
